{
  "version": 4,
  "terraform_version": "0.13.3",
  "serial": 3315,
  "lineage": "1c6313e6-0b21-f5e9-29dd-3bd594464e36",
  "outputs": {},
  "resources": [
    {
      "mode": "data",
      "type": "aws_subnet",
      "name": "station_privatesubnet1",
      "provider": "provider[\"registry.terraform.io/hashicorp/aws\"]",
      "instances": [
        {
          "schema_version": 0,
          "attributes": {
            "arn": "arn:aws:ec2:eu-west-3:794637260409:subnet/subnet-0c3d68f8e1ab56373",
            "assign_ipv6_address_on_creation": false,
            "availability_zone": "eu-west-3a",
            "availability_zone_id": "euw3-az1",
            "cidr_block": "12.0.3.0/26",
            "default_for_az": false,
            "filter": [
              {
                "name": "tag:Name",
                "values": [
                  "station_privatesubnet1"
                ]
              }
            ],
            "id": "subnet-0c3d68f8e1ab56373",
            "ipv6_cidr_block": null,
            "ipv6_cidr_block_association_id": null,
            "map_public_ip_on_launch": false,
            "outpost_arn": "",
            "owner_id": "794637260409",
            "state": "available",
            "tags": {
              "Application": "STATION",
              "Name": "station_privatesubnet1"
            },
            "vpc_id": "vpc-06d8990a6b4a064f1"
          }
        }
      ]
    },
    {
      "mode": "data",
      "type": "aws_subnet",
      "name": "station_privatesubnet2",
      "provider": "provider[\"registry.terraform.io/hashicorp/aws\"]",
      "instances": [
        {
          "schema_version": 0,
          "attributes": {
            "arn": "arn:aws:ec2:eu-west-3:794637260409:subnet/subnet-066df4c947dc82d31",
            "assign_ipv6_address_on_creation": false,
            "availability_zone": "eu-west-3b",
            "availability_zone_id": "euw3-az2",
            "cidr_block": "12.0.4.0/26",
            "default_for_az": false,
            "filter": [
              {
                "name": "tag:Name",
                "values": [
                  "station_privatesubnet2"
                ]
              }
            ],
            "id": "subnet-066df4c947dc82d31",
            "ipv6_cidr_block": null,
            "ipv6_cidr_block_association_id": null,
            "map_public_ip_on_launch": false,
            "outpost_arn": "",
            "owner_id": "794637260409",
            "state": "available",
            "tags": {
              "Application": "STATION",
              "Name": "station_privatesubnet2"
            },
            "vpc_id": "vpc-06d8990a6b4a064f1"
          }
        }
      ]
    },
    {
      "mode": "data",
      "type": "aws_subnet",
      "name": "station_publicsubnet1",
      "provider": "provider[\"registry.terraform.io/hashicorp/aws\"]",
      "instances": [
        {
          "schema_version": 0,
          "attributes": {
            "arn": "arn:aws:ec2:eu-west-3:794637260409:subnet/subnet-0230d57f74b4455e0",
            "assign_ipv6_address_on_creation": false,
            "availability_zone": "eu-west-3a",
            "availability_zone_id": "euw3-az1",
            "cidr_block": "12.0.1.0/27",
            "default_for_az": false,
            "filter": [
              {
                "name": "tag:Name",
                "values": [
                  "station_publicsubnet1"
                ]
              }
            ],
            "id": "subnet-0230d57f74b4455e0",
            "ipv6_cidr_block": null,
            "ipv6_cidr_block_association_id": null,
            "map_public_ip_on_launch": false,
            "outpost_arn": "",
            "owner_id": "794637260409",
            "state": "available",
            "tags": {
              "Application": "STATION",
              "Name": "station_publicsubnet1"
            },
            "vpc_id": "vpc-06d8990a6b4a064f1"
          }
        }
      ]
    },
    {
      "mode": "data",
      "type": "aws_subnet",
      "name": "station_publicsubnet2",
      "provider": "provider[\"registry.terraform.io/hashicorp/aws\"]",
      "instances": [
        {
          "schema_version": 0,
          "attributes": {
            "arn": "arn:aws:ec2:eu-west-3:794637260409:subnet/subnet-066c6d67b0a8a2387",
            "assign_ipv6_address_on_creation": false,
            "availability_zone": "eu-west-3b",
            "availability_zone_id": "euw3-az2",
            "cidr_block": "12.0.2.0/27",
            "default_for_az": false,
            "filter": [
              {
                "name": "tag:Name",
                "values": [
                  "station_publicsubnet2"
                ]
              }
            ],
            "id": "subnet-066c6d67b0a8a2387",
            "ipv6_cidr_block": null,
            "ipv6_cidr_block_association_id": null,
            "map_public_ip_on_launch": false,
            "outpost_arn": "",
            "owner_id": "794637260409",
            "state": "available",
            "tags": {
              "Application": "STATION",
              "Name": "station_publicsubnet2"
            },
            "vpc_id": "vpc-06d8990a6b4a064f1"
          }
        }
      ]
    },
    {
      "mode": "data",
      "type": "aws_vpc",
      "name": "station_vpc",
      "provider": "provider[\"registry.terraform.io/hashicorp/aws\"]",
      "instances": [
        {
          "schema_version": 0,
          "attributes": {
            "arn": "arn:aws:ec2:eu-west-3:794637260409:vpc/vpc-06d8990a6b4a064f1",
            "cidr_block": "12.0.0.0/21",
            "cidr_block_associations": [
              {
                "association_id": "vpc-cidr-assoc-06a540acd8461c0f6",
                "cidr_block": "12.0.0.0/21",
                "state": "associated"
              }
            ],
            "default": false,
            "dhcp_options_id": "dopt-1154bf79",
            "enable_dns_hostnames": true,
            "enable_dns_support": true,
            "filter": [
              {
                "name": "tag:Name",
                "values": [
                  "station_vpc"
                ]
              }
            ],
            "id": "vpc-06d8990a6b4a064f1",
            "instance_tenancy": "default",
            "ipv6_association_id": null,
            "ipv6_cidr_block": null,
            "main_route_table_id": "rtb-0ce65c13c72a37aca",
            "owner_id": "794637260409",
            "state": "available",
            "tags": {
              "Application": "STATION",
              "Name": "station_vpc"
            }
          }
        }
      ]
    },
    {
      "mode": "managed",
      "type": "aws_iam_policy",
      "name": "station_execution_role_policy",
      "provider": "provider[\"registry.terraform.io/hashicorp/aws\"]",
      "instances": [
        {
          "schema_version": 0,
          "attributes": {
            "arn": "arn:aws:iam::794637260409:policy/terraform-20201014124852874700000001",
            "description": "",
            "id": "arn:aws:iam::794637260409:policy/terraform-20201014124852874700000001",
            "name": "terraform-20201014124852874700000001",
            "name_prefix": null,
            "path": "/",
            "policy": "{\n  \"Version\": \"2012-10-17\",\n  \"Statement\": [\n      {\n          \"Sid\": \"\",\n          \"Effect\": \"Allow\",\n          \"Action\": [\n              \"kms:List*\",\n              \"kms:Describe*\",\n              \"kms:Decrypt\"\n          ],\n          \"Resource\": \"*\"\n      },\n      {\n          \"Sid\": \"\",\n          \"Effect\": \"Allow\",\n          \"Action\": [\n              \"secretsmanager:ListSecrets\",\n              \"secretsmanager:ListSecretVersionIds\",\n              \"secretsmanager:GetSecretValue\",\n              \"secretsmanager:DescribeSecret\"\n          ],\n          \"Resource\": \"*\"\n      },\n      {\n          \"Sid\": \"\",\n          \"Effect\": \"Allow\",\n          \"Action\": \"logs:*\",\n          \"Resource\": \"*\"\n      }\n  ]\n}\n"
          },
          "private": "bnVsbA=="
        }
      ]
    },
    {
      "mode": "managed",
      "type": "aws_iam_policy",
      "name": "station_iam_role_policy",
      "provider": "provider[\"registry.terraform.io/hashicorp/aws\"]",
      "instances": [
        {
          "schema_version": 0,
          "attributes": {
            "arn": "arn:aws:iam::794637260409:policy/station_iam_role_policy",
            "description": "Policy for reading data",
            "id": "arn:aws:iam::794637260409:policy/station_iam_role_policy",
            "name": "station_iam_role_policy",
            "name_prefix": null,
            "path": "/",
            "policy": "{\n    \"Version\": \"2012-10-17\",\n    \"Statement\": [\n        {\n            \"Sid\": \"\",\n            \"Effect\": \"Allow\",\n            \"Action\": [\n                \"secretsmanager:ListSecrets\",\n                \"secretsmanager:ListSecretVersionIds\",\n                \"secretsmanager:GetSecretValue\",\n                \"secretsmanager:DescribeSecret\"\n            ],\n            \"Resource\": \"*\"\n        }\n    ]\n}\n"
          },
          "private": "bnVsbA=="
        }
      ]
    },
    {
      "mode": "managed",
      "type": "aws_iam_role",
      "name": "station_execution_role",
      "provider": "provider[\"registry.terraform.io/hashicorp/aws\"]",
      "instances": [
        {
          "schema_version": 0,
          "attributes": {
            "arn": "arn:aws:iam::794637260409:role/station_execution_role",
            "assume_role_policy": "{\"Version\":\"2008-10-17\",\"Statement\":[{\"Sid\":\"\",\"Effect\":\"Allow\",\"Principal\":{\"Service\":\"ecs-tasks.amazonaws.com\"},\"Action\":\"sts:AssumeRole\"}]}",
            "create_date": "2020-10-14T12:48:53Z",
            "description": "",
            "force_detach_policies": false,
            "id": "station_execution_role",
            "max_session_duration": 3600,
            "name": "station_execution_role",
            "name_prefix": null,
            "path": "/",
            "permissions_boundary": null,
            "tags": null,
            "unique_id": "AROA3SBASKZ4ZJF6244QB"
          },
          "private": "bnVsbA=="
        }
      ]
    },
    {
      "mode": "managed",
      "type": "aws_iam_role",
      "name": "station_iam_role",
      "provider": "provider[\"registry.terraform.io/hashicorp/aws\"]",
      "instances": [
        {
          "schema_version": 0,
          "attributes": {
            "arn": "arn:aws:iam::794637260409:role/station_iam_role",
            "assume_role_policy": "{\"Version\":\"2012-10-17\",\"Statement\":[{\"Sid\":\"\",\"Effect\":\"Allow\",\"Principal\":{\"Service\":\"ecs-tasks.amazonaws.com\"},\"Action\":\"sts:AssumeRole\"}]}",
            "create_date": "2020-10-14T12:48:53Z",
            "description": "",
            "force_detach_policies": false,
            "id": "station_iam_role",
            "max_session_duration": 3600,
            "name": "station_iam_role",
            "name_prefix": null,
            "path": "/",
            "permissions_boundary": null,
            "tags": {
              "Application": "STATION",
              "Name": "station_iam_role"
            },
            "unique_id": "AROA3SBASKZ42V5TRWC6K"
          },
          "private": "bnVsbA=="
        }
      ]
    },
    {
      "mode": "managed",
      "type": "aws_iam_role_policy_attachment",
      "name": "attach_station_iam_role",
      "provider": "provider[\"registry.terraform.io/hashicorp/aws\"]",
      "instances": [
        {
          "schema_version": 0,
          "attributes": {
            "id": "station_iam_role-20201014124855351900000003",
            "policy_arn": "arn:aws:iam::794637260409:policy/station_iam_role_policy",
            "role": "station_iam_role"
          },
          "private": "bnVsbA==",
          "dependencies": [
            "aws_iam_policy.station_iam_role_policy",
            "aws_iam_role.station_iam_role"
          ]
        }
      ]
    },
    {
      "mode": "managed",
      "type": "aws_iam_role_policy_attachment",
      "name": "task_execution_attachment",
      "provider": "provider[\"registry.terraform.io/hashicorp/aws\"]",
      "instances": [
        {
          "schema_version": 0,
          "attributes": {
            "id": "station_execution_role-20201014124855024000000002",
            "policy_arn": "arn:aws:iam::794637260409:policy/terraform-20201014124852874700000001",
            "role": "station_execution_role"
          },
          "private": "bnVsbA==",
          "dependencies": [
            "aws_iam_policy.station_execution_role_policy",
            "aws_iam_role.station_execution_role"
          ]
        }
      ]
    },
    {
      "module": "module.station_back",
      "mode": "data",
      "type": "aws_route53_zone",
      "name": "public",
      "provider": "provider[\"registry.terraform.io/hashicorp/aws\"]",
      "instances": [
        {
          "schema_version": 0,
          "attributes": {
            "caller_reference": "RISWorkflow-RD:2729dd04-b609-4e15-8071-892481f746e8",
            "comment": "HostedZone created by Route53 Registrar",
            "id": "Z02449692XMYT5O05EO1R",
            "linked_service_description": null,
            "linked_service_principal": null,
            "name": "exakaconsulting.org",
            "name_servers": [
              "ns-1088.awsdns-08.org",
              "ns-1686.awsdns-18.co.uk",
              "ns-460.awsdns-57.com",
              "ns-693.awsdns-22.net"
            ],
            "private_zone": false,
            "resource_record_set_count": 2,
            "tags": {},
            "vpc_id": null,
            "zone_id": "Z02449692XMYT5O05EO1R"
          }
        }
      ]
    },
    {
      "module": "module.station_back",
      "mode": "data",
      "type": "template_file",
      "name": "station_back",
      "provider": "provider[\"registry.terraform.io/hashicorp/template\"]",
      "instances": [
        {
          "schema_version": 0,
          "attributes": {
            "filename": null,
            "id": "276c68d5e2156f7bc4c05b95f284898837fb19ea4a37a9a803d05ad340aea84a",
            "rendered": "[\n    {\n      \"name\": \"station-back\",\n      \"image\": \"kagzouli/station-back:1.0.8\",\n      \"portMappings\": [\n        {\n          \"containerPort\": 8080,\n          \"hostPort\": 8080,\n          \"protocol\": \"tcp\"\n\n        }\n      ],\n      \"environment\": [\n        {\n          \"name\": \"AWS_REGION\",\n          \"value\": \"eu-west-3\"\n        },\n        {\n          \"name\": \"DB_TRAFSTAT_URL\",\n          \"value\": \"jdbc:mysql://stationdb.interne.exakaconsulting.org:3306/StationDemoDb?connectTimeout=0\"\n        },\n        {\n          \"name\": \"DB_TRAFSTAT_MAXACTIVE\",\n          \"value\": \"20\"\n        },\n        {\n          \"name\": \"DB_TRAFSTAT_USERNAME\",\n          \"value\": \"stationuser\"\n        },\n        {\n          \"name\": \"DB_TRAFSTAT_PASSWORD\",\n          \"value\": \"stationpwd\"\n        }\n      ],\n    \n      \"logConfiguration\": {\n        \"logDriver\": \"awslogs\",\n        \"options\": {\n          \"awslogs-group\": \"station-back-cloudwatch-log\",\n          \"awslogs-region\": \"eu-west-3\",\n          \"awslogs-stream-prefix\": \"ecs\"\n        }\n      }\n    }\n  ]\n  \n",
            "template": "[\n    {\n      \"name\": \"station-back\",\n      \"image\": \"${station_back_image}\",\n      \"portMappings\": [\n        {\n          \"containerPort\": ${station_back_container_port},\n          \"hostPort\": ${station_back_host_port},\n          \"protocol\": \"tcp\"\n\n        }\n      ],\n      \"environment\": [\n        {\n          \"name\": \"AWS_REGION\",\n          \"value\": \"${region}\"\n        },\n        {\n          \"name\": \"DB_TRAFSTAT_URL\",\n          \"value\": \"jdbc:mysql://${context_db}/StationDemoDb?connectTimeout=0\"\n        },\n        {\n          \"name\": \"DB_TRAFSTAT_MAXACTIVE\",\n          \"value\": \"20\"\n        },\n        {\n          \"name\": \"DB_TRAFSTAT_USERNAME\",\n          \"value\": \"${station_db_username}\"\n        },\n        {\n          \"name\": \"DB_TRAFSTAT_PASSWORD\",\n          \"value\": \"${station_db_password}\"\n        }\n      ],\n    \n      \"logConfiguration\": {\n        \"logDriver\": \"awslogs\",\n        \"options\": {\n          \"awslogs-group\": \"${awslogs_group}\",\n          \"awslogs-region\": \"${region}\",\n          \"awslogs-stream-prefix\": \"ecs\"\n        }\n      }\n    }\n  ]\n  \n",
            "vars": {
              "awslogs_group": "station-back-cloudwatch-log",
              "context_db": "stationdb.interne.exakaconsulting.org:3306",
              "region": "eu-west-3",
              "station_back_container_port": "8080",
              "station_back_host_port": "8080",
              "station_back_image": "kagzouli/station-back:1.0.8",
              "station_db_password": "stationpwd",
              "station_db_username": "stationuser"
            }
          }
        }
      ]
    },
    {
      "module": "module.station_back",
      "mode": "managed",
      "type": "aws_alb",
      "name": "station_back_alb",
      "provider": "provider[\"registry.terraform.io/hashicorp/aws\"]",
      "instances": [
        {
          "schema_version": 0,
          "attributes": {
            "access_logs": [
              {
                "bucket": "",
                "enabled": false,
                "prefix": ""
              }
            ],
            "arn": "arn:aws:elasticloadbalancing:eu-west-3:794637260409:loadbalancer/app/station-back-alb/0cc0fc202d54984c",
            "arn_suffix": "app/station-back-alb/0cc0fc202d54984c",
            "customer_owned_ipv4_pool": "",
            "dns_name": "station-back-alb-502379471.eu-west-3.elb.amazonaws.com",
            "drop_invalid_header_fields": false,
            "enable_cross_zone_load_balancing": null,
            "enable_deletion_protection": false,
            "enable_http2": true,
            "id": "arn:aws:elasticloadbalancing:eu-west-3:794637260409:loadbalancer/app/station-back-alb/0cc0fc202d54984c",
            "idle_timeout": 60,
            "internal": false,
            "ip_address_type": "ipv4",
            "load_balancer_type": "application",
            "name": "station-back-alb",
            "name_prefix": null,
            "security_groups": [
              "sg-0c9e0e62657a30614"
            ],
            "subnet_mapping": [
              {
                "allocation_id": "",
                "outpost_id": "",
                "private_ipv4_address": "",
                "subnet_id": "subnet-0230d57f74b4455e0"
              },
              {
                "allocation_id": "",
                "outpost_id": "",
                "private_ipv4_address": "",
                "subnet_id": "subnet-066c6d67b0a8a2387"
              }
            ],
            "subnets": [
              "subnet-0230d57f74b4455e0",
              "subnet-066c6d67b0a8a2387"
            ],
            "tags": {
              "Application": "STATION",
              "Name": "station-back-alb"
            },
            "timeouts": null,
            "vpc_id": "vpc-06d8990a6b4a064f1",
            "zone_id": "Z3Q77PNBQS71R4"
          },
          "private": "eyJlMmJmYjczMC1lY2FhLTExZTYtOGY4OC0zNDM2M2JjN2M0YzAiOnsiY3JlYXRlIjo2MDAwMDAwMDAwMDAsImRlbGV0ZSI6NjAwMDAwMDAwMDAwLCJ1cGRhdGUiOjYwMDAwMDAwMDAwMH19",
          "dependencies": [
            "data.aws_subnet.station_publicsubnet1",
            "data.aws_subnet.station_publicsubnet2",
            "data.aws_vpc.station_vpc",
            "module.station_back.aws_security_group.sg_station_back_alb"
          ]
        }
      ]
    },
    {
      "module": "module.station_back",
      "mode": "managed",
      "type": "aws_alb_listener",
      "name": "station_back_alb_listener",
      "provider": "provider[\"registry.terraform.io/hashicorp/aws\"]",
      "instances": [
        {
          "schema_version": 0,
          "attributes": {
            "arn": "arn:aws:elasticloadbalancing:eu-west-3:794637260409:listener/app/station-back-alb/0cc0fc202d54984c/20dc3dac8a192f77",
            "certificate_arn": null,
            "default_action": [
              {
                "authenticate_cognito": [],
                "authenticate_oidc": [],
                "fixed_response": [],
                "forward": [],
                "order": 1,
                "redirect": [],
                "target_group_arn": "arn:aws:elasticloadbalancing:eu-west-3:794637260409:targetgroup/station-back-target-group/8bff435e0c7ff70e",
                "type": "forward"
              }
            ],
            "id": "arn:aws:elasticloadbalancing:eu-west-3:794637260409:listener/app/station-back-alb/0cc0fc202d54984c/20dc3dac8a192f77",
            "load_balancer_arn": "arn:aws:elasticloadbalancing:eu-west-3:794637260409:loadbalancer/app/station-back-alb/0cc0fc202d54984c",
            "port": 8080,
            "protocol": "HTTP",
            "ssl_policy": "",
            "timeouts": null
          },
          "private": "eyJlMmJmYjczMC1lY2FhLTExZTYtOGY4OC0zNDM2M2JjN2M0YzAiOnsicmVhZCI6NjAwMDAwMDAwMDAwfX0=",
          "dependencies": [
            "data.aws_subnet.station_publicsubnet1",
            "data.aws_subnet.station_publicsubnet2",
            "data.aws_vpc.station_vpc",
            "module.station_back.aws_alb.station_back_alb",
            "module.station_back.aws_alb_target_group.station_back_target_group",
            "module.station_back.aws_security_group.sg_station_back_alb"
          ]
        }
      ]
    },
    {
      "module": "module.station_back",
      "mode": "managed",
      "type": "aws_alb_target_group",
      "name": "station_back_target_group",
      "provider": "provider[\"registry.terraform.io/hashicorp/aws\"]",
      "instances": [
        {
          "schema_version": 0,
          "attributes": {
            "arn": "arn:aws:elasticloadbalancing:eu-west-3:794637260409:targetgroup/station-back-target-group/8bff435e0c7ff70e",
            "arn_suffix": "targetgroup/station-back-target-group/8bff435e0c7ff70e",
            "deregistration_delay": 300,
            "health_check": [
              {
                "enabled": true,
                "healthy_threshold": 2,
                "interval": 30,
                "matcher": "200",
                "path": "/StationDemoSecureWeb/health",
                "port": "8080",
                "protocol": "HTTP",
                "timeout": 3,
                "unhealthy_threshold": 2
              }
            ],
            "id": "arn:aws:elasticloadbalancing:eu-west-3:794637260409:targetgroup/station-back-target-group/8bff435e0c7ff70e",
            "lambda_multi_value_headers_enabled": false,
            "load_balancing_algorithm_type": "round_robin",
            "name": "station-back-target-group",
            "name_prefix": null,
            "port": 8080,
            "protocol": "HTTP",
            "proxy_protocol_v2": false,
            "slow_start": 0,
            "stickiness": [
              {
                "cookie_duration": 86400,
                "enabled": false,
                "type": "lb_cookie"
              }
            ],
            "tags": {
              "Application": "STATION",
              "Name": "station-back-alb-target-group"
            },
            "target_type": "ip",
            "vpc_id": "vpc-06d8990a6b4a064f1"
          },
          "private": "bnVsbA==",
          "dependencies": [
            "data.aws_vpc.station_vpc"
          ]
        }
      ]
    },
    {
      "module": "module.station_back",
      "mode": "managed",
      "type": "aws_cloudwatch_log_group",
      "name": "station_back_cloudwatch_log",
      "provider": "provider[\"registry.terraform.io/hashicorp/aws\"]",
      "instances": [
        {
          "schema_version": 0,
          "attributes": {
            "arn": "arn:aws:logs:eu-west-3:794637260409:log-group:station-back-cloudwatch-log",
            "id": "station-back-cloudwatch-log",
            "kms_key_id": "",
            "name": "station-back-cloudwatch-log",
            "name_prefix": null,
            "retention_in_days": 0,
            "tags": {
              "Application": "STATION",
              "Name": "station-back-cloudwatch-log"
            }
          },
          "private": "bnVsbA=="
        }
      ]
    },
    {
      "module": "module.station_back",
      "mode": "managed",
      "type": "aws_ecs_cluster",
      "name": "station_back_ecs_cluster",
      "provider": "provider[\"registry.terraform.io/hashicorp/aws\"]",
      "instances": [
        {
          "schema_version": 0,
          "attributes": {
            "arn": "arn:aws:ecs:eu-west-3:794637260409:cluster/station-back-ecs-cluster",
            "capacity_providers": null,
            "default_capacity_provider_strategy": [],
            "id": "arn:aws:ecs:eu-west-3:794637260409:cluster/station-back-ecs-cluster",
            "name": "station-back-ecs-cluster",
            "setting": [
              {
                "name": "containerInsights",
                "value": "disabled"
              }
            ],
            "tags": {
              "Application": "STATION",
              "Name": "station-back-ecs-cluster"
            }
          },
          "private": "bnVsbA=="
        }
      ]
    },
    {
      "module": "module.station_back",
      "mode": "managed",
      "type": "aws_ecs_service",
      "name": "station_back_ecs_service",
      "provider": "provider[\"registry.terraform.io/hashicorp/aws\"]",
      "instances": [
        {
          "schema_version": 0,
          "attributes": {
            "capacity_provider_strategy": [],
            "cluster": "arn:aws:ecs:eu-west-3:794637260409:cluster/station-back-ecs-cluster",
            "deployment_controller": [
              {
                "type": "ECS"
              }
            ],
            "deployment_maximum_percent": 200,
            "deployment_minimum_healthy_percent": 100,
            "desired_count": 2,
            "enable_ecs_managed_tags": false,
            "force_new_deployment": null,
            "health_check_grace_period_seconds": 300,
            "iam_role": "aws-service-role",
            "id": "arn:aws:ecs:eu-west-3:794637260409:service/station-back-ecs-cluster/station-back-ecs-service",
            "launch_type": "FARGATE",
            "load_balancer": [
              {
                "container_name": "station-back",
                "container_port": 8080,
                "elb_name": "",
                "target_group_arn": "arn:aws:elasticloadbalancing:eu-west-3:794637260409:targetgroup/station-back-target-group/8bff435e0c7ff70e"
              }
            ],
            "name": "station-back-ecs-service",
            "network_configuration": [
              {
                "assign_public_ip": false,
                "security_groups": [
                  "sg-0590d025db98d5589"
                ],
                "subnets": [
                  "subnet-066df4c947dc82d31",
                  "subnet-0c3d68f8e1ab56373"
                ]
              }
            ],
            "ordered_placement_strategy": [],
            "placement_constraints": [],
            "platform_version": "LATEST",
            "propagate_tags": "NONE",
            "scheduling_strategy": "REPLICA",
            "service_registries": [],
            "tags": null,
            "task_definition": "arn:aws:ecs:eu-west-3:794637260409:task-definition/station_back_ecs_task_definition:43",
            "timeouts": null
          },
          "private": "eyJlMmJmYjczMC1lY2FhLTExZTYtOGY4OC0zNDM2M2JjN2M0YzAiOnsiZGVsZXRlIjoxMjAwMDAwMDAwMDAwfX0=",
          "dependencies": [
            "aws_iam_role.station_execution_role",
            "aws_iam_role.station_iam_role",
            "data.aws_subnet.station_privatesubnet1",
            "data.aws_subnet.station_privatesubnet2",
            "data.aws_subnet.station_publicsubnet1",
            "data.aws_subnet.station_publicsubnet2",
            "data.aws_vpc.station_vpc",
            "module.station_back.aws_alb.station_back_alb",
            "module.station_back.aws_alb_listener.station_back_alb_listener",
            "module.station_back.aws_alb_target_group.station_back_target_group",
            "module.station_back.aws_cloudwatch_log_group.station_back_cloudwatch_log",
            "module.station_back.aws_ecs_cluster.station_back_ecs_cluster",
            "module.station_back.aws_ecs_task_definition.station_back_ecs_task_definition",
            "module.station_back.aws_security_group.sg_station_back_alb",
            "module.station_back.aws_security_group.sg_station_back_ecs",
            "module.station_back.data.template_file.station_back"
          ]
        }
      ]
    },
    {
      "module": "module.station_back",
      "mode": "managed",
      "type": "aws_ecs_task_definition",
      "name": "station_back_ecs_task_definition",
      "provider": "provider[\"registry.terraform.io/hashicorp/aws\"]",
      "instances": [
        {
          "schema_version": 1,
          "attributes": {
            "arn": "arn:aws:ecs:eu-west-3:794637260409:task-definition/station_back_ecs_task_definition:43",
            "container_definitions": "[{\"cpu\":0,\"environment\":[{\"name\":\"AWS_REGION\",\"value\":\"eu-west-3\"},{\"name\":\"DB_TRAFSTAT_MAXACTIVE\",\"value\":\"20\"},{\"name\":\"DB_TRAFSTAT_PASSWORD\",\"value\":\"stationpwd\"},{\"name\":\"DB_TRAFSTAT_URL\",\"value\":\"jdbc:mysql://stationdb.interne.exakaconsulting.org:3306/StationDemoDb?connectTimeout=0\"},{\"name\":\"DB_TRAFSTAT_USERNAME\",\"value\":\"stationuser\"}],\"essential\":true,\"image\":\"kagzouli/station-back:1.0.8\",\"logConfiguration\":{\"logDriver\":\"awslogs\",\"options\":{\"awslogs-group\":\"station-back-cloudwatch-log\",\"awslogs-region\":\"eu-west-3\",\"awslogs-stream-prefix\":\"ecs\"}},\"mountPoints\":[],\"name\":\"station-back\",\"portMappings\":[{\"containerPort\":8080,\"hostPort\":8080,\"protocol\":\"tcp\"}],\"volumesFrom\":[]}]",
            "cpu": "256",
            "execution_role_arn": "arn:aws:iam::794637260409:role/station_execution_role",
            "family": "station_back_ecs_task_definition",
            "id": "station_back_ecs_task_definition",
            "inference_accelerator": [],
            "ipc_mode": "",
            "memory": "512",
            "network_mode": "awsvpc",
            "pid_mode": "",
            "placement_constraints": [],
            "proxy_configuration": [],
            "requires_compatibilities": [
              "FARGATE"
            ],
            "revision": 43,
            "tags": {
              "Application": "STATION",
              "Name": "station_back_ecs_service"
            },
            "task_role_arn": "arn:aws:iam::794637260409:role/station_iam_role",
            "volume": []
          },
          "private": "eyJzY2hlbWFfdmVyc2lvbiI6IjEifQ==",
          "dependencies": [
            "aws_iam_role.station_execution_role",
            "aws_iam_role.station_iam_role",
            "module.station_back.aws_cloudwatch_log_group.station_back_cloudwatch_log",
            "module.station_back.data.template_file.station_back"
          ]
        }
      ]
    },
    {
      "module": "module.station_back",
      "mode": "managed",
      "type": "aws_route53_record",
      "name": "station_back_url_external",
      "provider": "provider[\"registry.terraform.io/hashicorp/aws\"]",
      "instances": [
        {
          "schema_version": 2,
          "attributes": {
            "alias": [],
            "allow_overwrite": null,
            "failover_routing_policy": [],
            "fqdn": "stationback.exakaconsulting.org",
            "geolocation_routing_policy": [],
            "health_check_id": null,
            "id": "Z02449692XMYT5O05EO1R_stationback.exakaconsulting.org_CNAME",
            "latency_routing_policy": [],
            "multivalue_answer_routing_policy": null,
            "name": "stationback.exakaconsulting.org",
            "records": [
              "station-back-alb-502379471.eu-west-3.elb.amazonaws.com"
            ],
            "set_identifier": null,
            "ttl": 10,
            "type": "CNAME",
            "weighted_routing_policy": [],
            "zone_id": "Z02449692XMYT5O05EO1R"
          },
          "private": "eyJzY2hlbWFfdmVyc2lvbiI6IjIifQ==",
          "dependencies": [
            "data.aws_subnet.station_publicsubnet1",
            "data.aws_subnet.station_publicsubnet2",
            "data.aws_vpc.station_vpc",
            "module.station_back.aws_alb.station_back_alb",
            "module.station_back.aws_security_group.sg_station_back_alb",
            "module.station_back.data.aws_route53_zone.public"
          ]
        }
      ]
    },
    {
      "module": "module.station_back",
      "mode": "managed",
      "type": "aws_security_group",
      "name": "sg_station_back_alb",
      "provider": "provider[\"registry.terraform.io/hashicorp/aws\"]",
      "instances": [
        {
          "schema_version": 1,
          "attributes": {
            "arn": "arn:aws:ec2:eu-west-3:794637260409:security-group/sg-0c9e0e62657a30614",
            "description": "Controle les acces au back REST",
            "egress": [
              {
                "cidr_blocks": [
                  "0.0.0.0/0"
                ],
                "description": "",
                "from_port": 0,
                "ipv6_cidr_blocks": [],
                "prefix_list_ids": [],
                "protocol": "-1",
                "security_groups": [],
                "self": false,
                "to_port": 0
              }
            ],
            "id": "sg-0c9e0e62657a30614",
            "ingress": [
              {
                "cidr_blocks": [
                  "0.0.0.0/0"
                ],
                "description": "http request",
                "from_port": 8080,
                "ipv6_cidr_blocks": [],
                "prefix_list_ids": [],
                "protocol": "tcp",
                "security_groups": [],
                "self": false,
                "to_port": 8080
              }
            ],
            "name": "station-back-alb",
            "name_prefix": "",
            "owner_id": "794637260409",
            "revoke_rules_on_delete": false,
            "tags": {
              "Application": "STATION",
              "Name": "station-back-alb"
            },
            "timeouts": null,
            "vpc_id": "vpc-06d8990a6b4a064f1"
          },
          "private": "eyJlMmJmYjczMC1lY2FhLTExZTYtOGY4OC0zNDM2M2JjN2M0YzAiOnsiY3JlYXRlIjo2MDAwMDAwMDAwMDAsImRlbGV0ZSI6NjAwMDAwMDAwMDAwfSwic2NoZW1hX3ZlcnNpb24iOiIxIn0=",
          "dependencies": [
            "data.aws_vpc.station_vpc"
          ]
        }
      ]
    },
    {
      "module": "module.station_back",
      "mode": "managed",
      "type": "aws_security_group",
      "name": "sg_station_back_ecs",
      "provider": "provider[\"registry.terraform.io/hashicorp/aws\"]",
      "instances": [
        {
          "schema_version": 1,
          "attributes": {
            "arn": "arn:aws:ec2:eu-west-3:794637260409:security-group/sg-0590d025db98d5589",
            "description": "Controle les acces a ECS",
            "egress": [
              {
                "cidr_blocks": [
                  "0.0.0.0/0"
                ],
                "description": "",
                "from_port": 0,
                "ipv6_cidr_blocks": [],
                "prefix_list_ids": [],
                "protocol": "-1",
                "security_groups": [],
                "self": false,
                "to_port": 0
              }
            ],
            "id": "sg-0590d025db98d5589",
            "ingress": [
              {
                "cidr_blocks": [],
                "description": "",
                "from_port": 8080,
                "ipv6_cidr_blocks": [],
                "prefix_list_ids": [],
                "protocol": "tcp",
                "security_groups": [
                  "sg-0c9e0e62657a30614"
                ],
                "self": false,
                "to_port": 8080
              }
            ],
            "name": "station-back-ecs",
            "name_prefix": "",
            "owner_id": "794637260409",
            "revoke_rules_on_delete": false,
            "tags": {
              "Application": "STATION",
              "Name": "station-back-ecs"
            },
            "timeouts": null,
            "vpc_id": "vpc-06d8990a6b4a064f1"
          },
          "private": "eyJlMmJmYjczMC1lY2FhLTExZTYtOGY4OC0zNDM2M2JjN2M0YzAiOnsiY3JlYXRlIjo2MDAwMDAwMDAwMDAsImRlbGV0ZSI6NjAwMDAwMDAwMDAwfSwic2NoZW1hX3ZlcnNpb24iOiIxIn0=",
          "dependencies": [
            "data.aws_vpc.station_vpc",
            "module.station_back.aws_security_group.sg_station_back_alb"
          ]
        }
      ]
    },
    {
      "module": "module.station_db",
      "mode": "data",
      "type": "aws_route53_zone",
      "name": "private",
      "provider": "provider[\"registry.terraform.io/hashicorp/aws\"]",
      "instances": [
        {
          "schema_version": 0,
          "attributes": {
            "caller_reference": "terraform-20201013160803416200000001",
            "comment": "Managed by Terraform",
            "id": "Z07035011U1H3T1VQITC0",
            "linked_service_description": null,
            "linked_service_principal": null,
            "name": "interne.exakaconsulting.org",
            "name_servers": [],
            "private_zone": true,
            "resource_record_set_count": 2,
            "tags": {},
            "vpc_id": null,
            "zone_id": "Z07035011U1H3T1VQITC0"
          }
        }
      ]
    },
    {
      "module": "module.station_db",
      "mode": "data",
      "type": "template_file",
      "name": "station_db",
      "provider": "provider[\"registry.terraform.io/hashicorp/template\"]",
      "instances": [
        {
          "schema_version": 0,
          "attributes": {
            "filename": null,
            "id": "6e35507e6730a27d1fd509de08eef14cf9d212b67ed1566c4eafde07b2c3da41",
            "rendered": "[\n    {\n      \"name\": \"station-db\",\n      \"image\": \"kagzouli/station-db:1.0.8\",\n      \"portMappings\": [\n        {\n          \"containerPort\": 3306,\n          \"hostPort\": 3306,\n          \"protocol\": \"tcp\"\n\n        }\n      ],\n      \"environment\": [\n        {\n          \"name\": \"AWS_REGION\",\n          \"value\": \"eu-west-3\"\n        },\n        {\n          \"name\": \"MYSQL_ROOT_PASSWORD\",\n          \"value\": \"t@tH?145\"\n        },\n        {\n          \"name\": \"MYSQL_DATABASE\",\n          \"value\": \"StationDemoDb\"\n        },\n        {\n          \"name\": \"MYSQL_USER\",\n          \"value\": \"stationuser\"\n        },\n        {\n          \"name\": \"MYSQL_PASSWORD\",\n          \"value\": \"stationpwd\"\n        }\n      ],\n    \n      \"logConfiguration\": {\n        \"logDriver\": \"awslogs\",\n        \"options\": {\n          \"awslogs-group\": \"station-db-cloudwatch-log\",\n          \"awslogs-region\": \"eu-west-3\",\n          \"awslogs-stream-prefix\": \"ecs\"\n        }\n      }\n    }\n  ]\n  \n",
            "template": "[\n    {\n      \"name\": \"station-db\",\n      \"image\": \"${station_db_image}\",\n      \"portMappings\": [\n        {\n          \"containerPort\": 3306,\n          \"hostPort\": ${station_db_host_port},\n          \"protocol\": \"tcp\"\n\n        }\n      ],\n      \"environment\": [\n        {\n          \"name\": \"AWS_REGION\",\n          \"value\": \"${region}\"\n        },\n        {\n          \"name\": \"MYSQL_ROOT_PASSWORD\",\n          \"value\": \"${station_db_root}\"\n        },\n        {\n          \"name\": \"MYSQL_DATABASE\",\n          \"value\": \"${station_db_databasename}\"\n        },\n        {\n          \"name\": \"MYSQL_USER\",\n          \"value\": \"${station_db_username}\"\n        },\n        {\n          \"name\": \"MYSQL_PASSWORD\",\n          \"value\": \"${station_db_password}\"\n        }\n      ],\n    \n      \"logConfiguration\": {\n        \"logDriver\": \"awslogs\",\n        \"options\": {\n          \"awslogs-group\": \"${awslogs_group}\",\n          \"awslogs-region\": \"${region}\",\n          \"awslogs-stream-prefix\": \"ecs\"\n        }\n      }\n    }\n  ]\n  \n",
            "vars": {
              "awslogs_group": "station-db-cloudwatch-log",
              "region": "eu-west-3",
              "station_db_databasename": "StationDemoDb",
              "station_db_host_port": "3306",
              "station_db_image": "kagzouli/station-db:1.0.8",
              "station_db_password": "stationpwd",
              "station_db_root": "t@tH?145",
              "station_db_username": "stationuser"
            }
          }
        }
      ]
    },
    {
      "module": "module.station_db",
      "mode": "managed",
      "type": "aws_alb_target_group",
      "name": "station_db_target_group",
      "provider": "provider[\"registry.terraform.io/hashicorp/aws\"]",
      "instances": [
        {
          "schema_version": 0,
          "attributes": {
            "arn": "arn:aws:elasticloadbalancing:eu-west-3:794637260409:targetgroup/station-db-target-group/5578e147e0e40b8f",
            "arn_suffix": "targetgroup/station-db-target-group/5578e147e0e40b8f",
            "deregistration_delay": 300,
            "health_check": [
              {
                "enabled": true,
                "healthy_threshold": 3,
                "interval": 30,
                "matcher": "",
                "path": "",
                "port": "traffic-port",
                "protocol": "TCP",
                "timeout": 10,
                "unhealthy_threshold": 3
              }
            ],
            "id": "arn:aws:elasticloadbalancing:eu-west-3:794637260409:targetgroup/station-db-target-group/5578e147e0e40b8f",
            "lambda_multi_value_headers_enabled": false,
            "load_balancing_algorithm_type": null,
            "name": "station-db-target-group",
            "name_prefix": null,
            "port": 3306,
            "protocol": "TCP",
            "proxy_protocol_v2": false,
            "slow_start": 0,
            "stickiness": [],
            "tags": {
              "Application": "STATION",
              "Name": "station-db-alb-target-group"
            },
            "target_type": "ip",
            "vpc_id": "vpc-06d8990a6b4a064f1"
          },
          "private": "bnVsbA==",
          "dependencies": [
            "data.aws_vpc.station_vpc"
          ]
        }
      ]
    },
    {
      "module": "module.station_db",
      "mode": "managed",
      "type": "aws_cloudwatch_log_group",
      "name": "station_db_cloudwatch_log",
      "provider": "provider[\"registry.terraform.io/hashicorp/aws\"]",
      "instances": [
        {
          "schema_version": 0,
          "attributes": {
            "arn": "arn:aws:logs:eu-west-3:794637260409:log-group:station-db-cloudwatch-log",
            "id": "station-db-cloudwatch-log",
            "kms_key_id": "",
            "name": "station-db-cloudwatch-log",
            "name_prefix": null,
            "retention_in_days": 0,
            "tags": {
              "Application": "STATION",
              "Name": "station-db-cloudwatch-log"
            }
          },
          "private": "bnVsbA=="
        }
      ]
    },
    {
      "module": "module.station_db",
      "mode": "managed",
      "type": "aws_ecs_cluster",
      "name": "station_db_ecs_cluster",
      "provider": "provider[\"registry.terraform.io/hashicorp/aws\"]",
      "instances": [
        {
          "schema_version": 0,
          "attributes": {
            "arn": "arn:aws:ecs:eu-west-3:794637260409:cluster/station-db-ecs-cluster",
            "capacity_providers": null,
            "default_capacity_provider_strategy": [],
            "id": "arn:aws:ecs:eu-west-3:794637260409:cluster/station-db-ecs-cluster",
            "name": "station-db-ecs-cluster",
            "setting": [
              {
                "name": "containerInsights",
                "value": "disabled"
              }
            ],
            "tags": {
              "Application": "STATION",
              "Name": "station-db-ecs-cluster"
            }
          },
          "private": "bnVsbA=="
        }
      ]
    },
    {
      "module": "module.station_db",
      "mode": "managed",
      "type": "aws_ecs_service",
      "name": "station_db_ecs_service",
      "provider": "provider[\"registry.terraform.io/hashicorp/aws\"]",
      "instances": [
        {
          "schema_version": 0,
          "attributes": {
            "capacity_provider_strategy": [],
            "cluster": "arn:aws:ecs:eu-west-3:794637260409:cluster/station-db-ecs-cluster",
            "deployment_controller": [
              {
                "type": "ECS"
              }
            ],
            "deployment_maximum_percent": 200,
            "deployment_minimum_healthy_percent": 100,
            "desired_count": 1,
            "enable_ecs_managed_tags": false,
            "force_new_deployment": null,
            "health_check_grace_period_seconds": 0,
            "iam_role": "aws-service-role",
            "id": "arn:aws:ecs:eu-west-3:794637260409:service/station-db-ecs-cluster/station-db-ecs-service",
            "launch_type": "FARGATE",
            "load_balancer": [
              {
                "container_name": "station-db",
                "container_port": 3306,
                "elb_name": "",
                "target_group_arn": "arn:aws:elasticloadbalancing:eu-west-3:794637260409:targetgroup/station-db-target-group/5578e147e0e40b8f"
              }
            ],
            "name": "station-db-ecs-service",
            "network_configuration": [
              {
                "assign_public_ip": false,
                "security_groups": [
                  "sg-03a8fd485c7472aa5"
                ],
                "subnets": [
                  "subnet-066df4c947dc82d31",
                  "subnet-0c3d68f8e1ab56373"
                ]
              }
            ],
            "ordered_placement_strategy": [],
            "placement_constraints": [],
            "platform_version": "LATEST",
            "propagate_tags": "NONE",
            "scheduling_strategy": "REPLICA",
            "service_registries": [],
            "tags": null,
            "task_definition": "arn:aws:ecs:eu-west-3:794637260409:task-definition/station_db_ecs_task_definition:23",
            "timeouts": null
          },
          "private": "eyJlMmJmYjczMC1lY2FhLTExZTYtOGY4OC0zNDM2M2JjN2M0YzAiOnsiZGVsZXRlIjoxMjAwMDAwMDAwMDAwfX0=",
          "dependencies": [
            "aws_iam_role.station_execution_role",
            "aws_iam_role.station_iam_role",
            "data.aws_subnet.station_privatesubnet1",
            "data.aws_subnet.station_privatesubnet2",
            "data.aws_vpc.station_vpc",
            "module.station_db.aws_alb_target_group.station_db_target_group",
            "module.station_db.aws_cloudwatch_log_group.station_db_cloudwatch_log",
            "module.station_db.aws_ecs_cluster.station_db_ecs_cluster",
            "module.station_db.aws_ecs_task_definition.station_db_ecs_task_definition",
            "module.station_db.aws_lb.station_db_lb",
            "module.station_db.aws_lb_listener.station_db_alb_listener",
            "module.station_db.aws_security_group.sg_station_db_ecs",
            "module.station_db.data.template_file.station_db"
          ]
        }
      ]
    },
    {
      "module": "module.station_db",
      "mode": "managed",
      "type": "aws_ecs_task_definition",
      "name": "station_db_ecs_task_definition",
      "provider": "provider[\"registry.terraform.io/hashicorp/aws\"]",
      "instances": [
        {
          "schema_version": 1,
          "attributes": {
            "arn": "arn:aws:ecs:eu-west-3:794637260409:task-definition/station_db_ecs_task_definition:23",
            "container_definitions": "[{\"cpu\":0,\"environment\":[{\"name\":\"AWS_REGION\",\"value\":\"eu-west-3\"},{\"name\":\"MYSQL_DATABASE\",\"value\":\"StationDemoDb\"},{\"name\":\"MYSQL_PASSWORD\",\"value\":\"stationpwd\"},{\"name\":\"MYSQL_ROOT_PASSWORD\",\"value\":\"t@tH?145\"},{\"name\":\"MYSQL_USER\",\"value\":\"stationuser\"}],\"essential\":true,\"image\":\"kagzouli/station-db:1.0.8\",\"logConfiguration\":{\"logDriver\":\"awslogs\",\"options\":{\"awslogs-group\":\"station-db-cloudwatch-log\",\"awslogs-region\":\"eu-west-3\",\"awslogs-stream-prefix\":\"ecs\"}},\"mountPoints\":[],\"name\":\"station-db\",\"portMappings\":[{\"containerPort\":3306,\"hostPort\":3306,\"protocol\":\"tcp\"}],\"volumesFrom\":[]}]",
            "cpu": "256",
            "execution_role_arn": "arn:aws:iam::794637260409:role/station_execution_role",
            "family": "station_db_ecs_task_definition",
            "id": "station_db_ecs_task_definition",
            "inference_accelerator": [],
            "ipc_mode": "",
            "memory": "512",
            "network_mode": "awsvpc",
            "pid_mode": "",
            "placement_constraints": [],
            "proxy_configuration": [],
            "requires_compatibilities": [
              "FARGATE"
            ],
            "revision": 23,
            "tags": {
              "Application": "STATION",
              "Name": "station-db-ecs-service"
            },
            "task_role_arn": "arn:aws:iam::794637260409:role/station_iam_role",
            "volume": []
          },
          "private": "eyJzY2hlbWFfdmVyc2lvbiI6IjEifQ==",
          "dependencies": [
            "aws_iam_role.station_execution_role",
            "aws_iam_role.station_iam_role",
            "module.station_db.aws_cloudwatch_log_group.station_db_cloudwatch_log",
            "module.station_db.data.template_file.station_db"
          ]
        }
      ]
    },
    {
      "module": "module.station_db",
      "mode": "managed",
      "type": "aws_lb",
      "name": "station_db_lb",
      "provider": "provider[\"registry.terraform.io/hashicorp/aws\"]",
      "instances": [
        {
          "schema_version": 0,
          "attributes": {
            "access_logs": [
              {
                "bucket": "",
                "enabled": false,
                "prefix": ""
              }
            ],
            "arn": "arn:aws:elasticloadbalancing:eu-west-3:794637260409:loadbalancer/net/station-db-lb/6d770cb2cb6488c8",
            "arn_suffix": "net/station-db-lb/6d770cb2cb6488c8",
            "customer_owned_ipv4_pool": "",
            "dns_name": "station-db-lb-6d770cb2cb6488c8.elb.eu-west-3.amazonaws.com",
            "drop_invalid_header_fields": null,
            "enable_cross_zone_load_balancing": false,
            "enable_deletion_protection": false,
            "enable_http2": null,
            "id": "arn:aws:elasticloadbalancing:eu-west-3:794637260409:loadbalancer/net/station-db-lb/6d770cb2cb6488c8",
            "idle_timeout": null,
            "internal": true,
            "ip_address_type": "ipv4",
            "load_balancer_type": "network",
            "name": "station-db-lb",
            "name_prefix": null,
            "security_groups": [],
            "subnet_mapping": [
              {
                "allocation_id": "",
                "outpost_id": "",
                "private_ipv4_address": "",
                "subnet_id": "subnet-066df4c947dc82d31"
              },
              {
                "allocation_id": "",
                "outpost_id": "",
                "private_ipv4_address": "",
                "subnet_id": "subnet-0c3d68f8e1ab56373"
              }
            ],
            "subnets": [
              "subnet-066df4c947dc82d31",
              "subnet-0c3d68f8e1ab56373"
            ],
            "tags": {
              "Application": "STATION",
              "Name": "station-db-nlb"
            },
            "timeouts": null,
            "vpc_id": "vpc-06d8990a6b4a064f1",
            "zone_id": "Z1CMS0P5QUZ6D5"
          },
          "private": "eyJlMmJmYjczMC1lY2FhLTExZTYtOGY4OC0zNDM2M2JjN2M0YzAiOnsiY3JlYXRlIjo2MDAwMDAwMDAwMDAsImRlbGV0ZSI6NjAwMDAwMDAwMDAwLCJ1cGRhdGUiOjYwMDAwMDAwMDAwMH19",
          "dependencies": [
            "data.aws_subnet.station_privatesubnet1",
            "data.aws_subnet.station_privatesubnet2"
          ]
        }
      ]
    },
    {
      "module": "module.station_db",
      "mode": "managed",
      "type": "aws_lb_listener",
      "name": "station_db_alb_listener",
      "provider": "provider[\"registry.terraform.io/hashicorp/aws\"]",
      "instances": [
        {
          "schema_version": 0,
          "attributes": {
            "arn": "arn:aws:elasticloadbalancing:eu-west-3:794637260409:listener/net/station-db-lb/6d770cb2cb6488c8/6300514f12d685f5",
            "certificate_arn": null,
            "default_action": [
              {
                "authenticate_cognito": [],
                "authenticate_oidc": [],
                "fixed_response": [],
                "forward": [],
                "order": 1,
                "redirect": [],
                "target_group_arn": "arn:aws:elasticloadbalancing:eu-west-3:794637260409:targetgroup/station-db-target-group/5578e147e0e40b8f",
                "type": "forward"
              }
            ],
            "id": "arn:aws:elasticloadbalancing:eu-west-3:794637260409:listener/net/station-db-lb/6d770cb2cb6488c8/6300514f12d685f5",
            "load_balancer_arn": "arn:aws:elasticloadbalancing:eu-west-3:794637260409:loadbalancer/net/station-db-lb/6d770cb2cb6488c8",
            "port": 3306,
            "protocol": "TCP",
            "ssl_policy": "",
            "timeouts": null
          },
          "private": "eyJlMmJmYjczMC1lY2FhLTExZTYtOGY4OC0zNDM2M2JjN2M0YzAiOnsicmVhZCI6NjAwMDAwMDAwMDAwfX0=",
          "dependencies": [
            "data.aws_subnet.station_privatesubnet1",
            "data.aws_subnet.station_privatesubnet2",
            "data.aws_vpc.station_vpc",
            "module.station_db.aws_alb_target_group.station_db_target_group",
            "module.station_db.aws_lb.station_db_lb"
          ]
        }
      ]
    },
    {
      "module": "module.station_db",
      "mode": "managed",
      "type": "aws_route53_record",
      "name": "station_db_url_external",
      "provider": "provider[\"registry.terraform.io/hashicorp/aws\"]",
      "instances": [
        {
          "schema_version": 2,
          "attributes": {
            "alias": [],
            "allow_overwrite": null,
            "failover_routing_policy": [],
            "fqdn": "stationdb.interne.exakaconsulting.org",
            "geolocation_routing_policy": [],
            "health_check_id": null,
            "id": "Z07035011U1H3T1VQITC0_stationdb.interne.exakaconsulting.org_CNAME",
            "latency_routing_policy": [],
            "multivalue_answer_routing_policy": null,
            "name": "stationdb.interne.exakaconsulting.org",
            "records": [
              "station-db-lb-6d770cb2cb6488c8.elb.eu-west-3.amazonaws.com"
            ],
            "set_identifier": null,
            "ttl": 10,
            "type": "CNAME",
            "weighted_routing_policy": [],
            "zone_id": "Z07035011U1H3T1VQITC0"
          },
          "private": "eyJzY2hlbWFfdmVyc2lvbiI6IjIifQ==",
          "dependencies": [
            "data.aws_subnet.station_privatesubnet1",
            "data.aws_subnet.station_privatesubnet2",
            "module.station_db.aws_lb.station_db_lb",
            "module.station_db.data.aws_route53_zone.private"
          ]
        }
      ]
    },
    {
      "module": "module.station_db",
      "mode": "managed",
      "type": "aws_security_group",
      "name": "sg_station_db_ecs",
      "provider": "provider[\"registry.terraform.io/hashicorp/aws\"]",
      "instances": [
        {
          "schema_version": 1,
          "attributes": {
            "arn": "arn:aws:ec2:eu-west-3:794637260409:security-group/sg-03a8fd485c7472aa5",
            "description": "Controle les acces a ECS",
            "egress": [
              {
                "cidr_blocks": [
                  "0.0.0.0/0"
                ],
                "description": "",
                "from_port": 0,
                "ipv6_cidr_blocks": [],
                "prefix_list_ids": [],
                "protocol": "-1",
                "security_groups": [],
                "self": false,
                "to_port": 0
              }
            ],
            "id": "sg-03a8fd485c7472aa5",
            "ingress": [
              {
                "cidr_blocks": [
                  "12.0.0.0/21"
                ],
                "description": "TCP request",
                "from_port": 3306,
                "ipv6_cidr_blocks": [],
                "prefix_list_ids": [],
                "protocol": "tcp",
                "security_groups": [],
                "self": false,
                "to_port": 3306
              }
            ],
            "name": "station-db-ecs",
            "name_prefix": "",
            "owner_id": "794637260409",
            "revoke_rules_on_delete": false,
            "tags": {
              "Application": "STATION",
              "Name": "station-db-ecs"
            },
            "timeouts": null,
            "vpc_id": "vpc-06d8990a6b4a064f1"
          },
          "private": "eyJlMmJmYjczMC1lY2FhLTExZTYtOGY4OC0zNDM2M2JjN2M0YzAiOnsiY3JlYXRlIjo2MDAwMDAwMDAwMDAsImRlbGV0ZSI6NjAwMDAwMDAwMDAwfSwic2NoZW1hX3ZlcnNpb24iOiIxIn0=",
          "dependencies": [
            "data.aws_vpc.station_vpc"
          ]
        }
      ]
    },
    {
      "module": "module.station_front",
      "mode": "data",
      "type": "aws_route53_zone",
      "name": "public",
      "provider": "provider[\"registry.terraform.io/hashicorp/aws\"]",
      "instances": [
        {
          "schema_version": 0,
          "attributes": {
            "caller_reference": "RISWorkflow-RD:2729dd04-b609-4e15-8071-892481f746e8",
            "comment": "HostedZone created by Route53 Registrar",
            "id": "Z02449692XMYT5O05EO1R",
            "linked_service_description": null,
            "linked_service_principal": null,
            "name": "exakaconsulting.org",
            "name_servers": [
              "ns-1088.awsdns-08.org",
              "ns-1686.awsdns-18.co.uk",
              "ns-460.awsdns-57.com",
              "ns-693.awsdns-22.net"
            ],
            "private_zone": false,
            "resource_record_set_count": 2,
            "tags": {},
            "vpc_id": null,
            "zone_id": "Z02449692XMYT5O05EO1R"
          }
        }
      ]
    },
    {
      "module": "module.station_front",
      "mode": "data",
      "type": "template_file",
      "name": "station_front",
      "provider": "provider[\"registry.terraform.io/hashicorp/template\"]",
      "instances": [
        {
          "schema_version": 0,
          "attributes": {
            "filename": null,
            "id": "9ede76e194ba5ff9cc80b9613b7e788bc19ec71ac70241df059c9ecde9754a15",
            "rendered": "[\n    {\n      \"name\": \"station-front\",\n      \"image\": \"kagzouli/station-front-nginx:1.0.8\",\n      \"portMappings\": [\n        {\n          \"containerPort\":  80,\n          \"hostPort\": 80,\n          \"protocol\": \"tcp\"\n\n        }\n      ],\n      \"environment\": [\n        {\n          \"name\": \"AWS_REGION\",\n          \"value\": \"eu-west-3\"\n        },\n        {\n          \"name\": \"CLIENT_ID_TRAF_STAT\",\n          \"value\": \"0oaeg3yghaL9mQalz0h7\"\n        },\n        {\n          \"name\": \"OKTA_URL\",\n          \"value\": \"https://dev-884254.oktapreview.com\"\n        },\n        {\n          \"name\": \"CONTEXT_BACK_URL\",\n          \"value\": \"http://stationback.exakaconsulting.org:8080\"\n        }\n\n      ],\n    \n      \"logConfiguration\": {\n        \"logDriver\": \"awslogs\",\n        \"options\": {\n          \"awslogs-group\": \"station-front-cloudwatch-log\",\n          \"awslogs-region\": \"eu-west-3\",\n          \"awslogs-stream-prefix\": \"ecs\"\n        }\n      }\n    }\n  ]\n  \n",
            "template": "[\n    {\n      \"name\": \"station-front\",\n      \"image\": \"${station_front_image}\",\n      \"portMappings\": [\n        {\n          \"containerPort\":  ${station_front_container_port},\n          \"hostPort\": ${station_front_host_port},\n          \"protocol\": \"tcp\"\n\n        }\n      ],\n      \"environment\": [\n        {\n          \"name\": \"AWS_REGION\",\n          \"value\": \"${region}\"\n        },\n        {\n          \"name\": \"CLIENT_ID_TRAF_STAT\",\n          \"value\": \"${station_front_clientidtrafstat}\"\n        },\n        {\n          \"name\": \"OKTA_URL\",\n          \"value\": \"${station_front_oktaurl}\"\n        },\n        {\n          \"name\": \"CONTEXT_BACK_URL\",\n          \"value\": \"${station_front_contextbackurl}\"\n        }\n\n      ],\n    \n      \"logConfiguration\": {\n        \"logDriver\": \"awslogs\",\n        \"options\": {\n          \"awslogs-group\": \"${awslogs_group}\",\n          \"awslogs-region\": \"${region}\",\n          \"awslogs-stream-prefix\": \"ecs\"\n        }\n      }\n    }\n  ]\n  \n",
            "vars": {
              "awslogs_group": "station-front-cloudwatch-log",
              "region": "eu-west-3",
              "station_front_clientidtrafstat": "0oaeg3yghaL9mQalz0h7",
              "station_front_container_port": "80",
              "station_front_contextbackurl": "http://stationback.exakaconsulting.org:8080",
              "station_front_host_port": "80",
              "station_front_image": "kagzouli/station-front-nginx:1.0.8",
              "station_front_oktaurl": "https://dev-884254.oktapreview.com"
            }
          }
        }
      ]
    },
    {
      "module": "module.station_front",
      "mode": "managed",
      "type": "aws_alb",
      "name": "station_front_alb",
      "provider": "provider[\"registry.terraform.io/hashicorp/aws\"]",
      "instances": [
        {
          "schema_version": 0,
          "attributes": {
            "access_logs": [
              {
                "bucket": "",
                "enabled": false,
                "prefix": ""
              }
            ],
            "arn": "arn:aws:elasticloadbalancing:eu-west-3:794637260409:loadbalancer/app/station-front-alb/ce557159c2c28b88",
            "arn_suffix": "app/station-front-alb/ce557159c2c28b88",
            "customer_owned_ipv4_pool": "",
            "dns_name": "station-front-alb-30422086.eu-west-3.elb.amazonaws.com",
            "drop_invalid_header_fields": false,
            "enable_cross_zone_load_balancing": null,
            "enable_deletion_protection": false,
            "enable_http2": true,
            "id": "arn:aws:elasticloadbalancing:eu-west-3:794637260409:loadbalancer/app/station-front-alb/ce557159c2c28b88",
            "idle_timeout": 60,
            "internal": false,
            "ip_address_type": "ipv4",
            "load_balancer_type": "application",
            "name": "station-front-alb",
            "name_prefix": null,
            "security_groups": [
              "sg-06e771735e92151b0"
            ],
            "subnet_mapping": [
              {
                "allocation_id": "",
                "outpost_id": "",
                "private_ipv4_address": "",
                "subnet_id": "subnet-0230d57f74b4455e0"
              },
              {
                "allocation_id": "",
                "outpost_id": "",
                "private_ipv4_address": "",
                "subnet_id": "subnet-066c6d67b0a8a2387"
              }
            ],
            "subnets": [
              "subnet-0230d57f74b4455e0",
              "subnet-066c6d67b0a8a2387"
            ],
            "tags": {
              "Application": "STATION",
              "Name": "station-front-alb"
            },
            "timeouts": null,
            "vpc_id": "vpc-06d8990a6b4a064f1",
            "zone_id": "Z3Q77PNBQS71R4"
          },
          "private": "eyJlMmJmYjczMC1lY2FhLTExZTYtOGY4OC0zNDM2M2JjN2M0YzAiOnsiY3JlYXRlIjo2MDAwMDAwMDAwMDAsImRlbGV0ZSI6NjAwMDAwMDAwMDAwLCJ1cGRhdGUiOjYwMDAwMDAwMDAwMH19",
          "dependencies": [
            "data.aws_subnet.station_publicsubnet1",
            "data.aws_subnet.station_publicsubnet2",
            "data.aws_vpc.station_vpc",
            "module.station_front.aws_security_group.sg_station_front_alb"
          ]
        }
      ]
    },
    {
      "module": "module.station_front",
      "mode": "managed",
      "type": "aws_alb_listener",
      "name": "station_front_alb_listener",
      "provider": "provider[\"registry.terraform.io/hashicorp/aws\"]",
      "instances": [
        {
          "schema_version": 0,
          "attributes": {
            "arn": "arn:aws:elasticloadbalancing:eu-west-3:794637260409:listener/app/station-front-alb/ce557159c2c28b88/dce52eb0b58a9365",
            "certificate_arn": null,
            "default_action": [
              {
                "authenticate_cognito": [],
                "authenticate_oidc": [],
                "fixed_response": [],
                "forward": [],
                "order": 1,
                "redirect": [],
                "target_group_arn": "arn:aws:elasticloadbalancing:eu-west-3:794637260409:targetgroup/station-front-target-group/6126544dc47a8e7f",
                "type": "forward"
              }
            ],
            "id": "arn:aws:elasticloadbalancing:eu-west-3:794637260409:listener/app/station-front-alb/ce557159c2c28b88/dce52eb0b58a9365",
            "load_balancer_arn": "arn:aws:elasticloadbalancing:eu-west-3:794637260409:loadbalancer/app/station-front-alb/ce557159c2c28b88",
            "port": 80,
            "protocol": "HTTP",
            "ssl_policy": "",
            "timeouts": null
          },
          "private": "eyJlMmJmYjczMC1lY2FhLTExZTYtOGY4OC0zNDM2M2JjN2M0YzAiOnsicmVhZCI6NjAwMDAwMDAwMDAwfX0=",
          "dependencies": [
            "data.aws_subnet.station_publicsubnet1",
            "data.aws_subnet.station_publicsubnet2",
            "data.aws_vpc.station_vpc",
            "module.station_front.aws_alb.station_front_alb",
            "module.station_front.aws_alb_target_group.station_front_target_group",
            "module.station_front.aws_security_group.sg_station_front_alb"
          ]
        }
      ]
    },
    {
      "module": "module.station_front",
      "mode": "managed",
      "type": "aws_alb_target_group",
      "name": "station_front_target_group",
      "provider": "provider[\"registry.terraform.io/hashicorp/aws\"]",
      "instances": [
        {
          "schema_version": 0,
          "attributes": {
            "arn": "arn:aws:elasticloadbalancing:eu-west-3:794637260409:targetgroup/station-front-target-group/6126544dc47a8e7f",
            "arn_suffix": "targetgroup/station-front-target-group/6126544dc47a8e7f",
            "deregistration_delay": 300,
            "health_check": [
              {
                "enabled": true,
                "healthy_threshold": 2,
                "interval": 30,
                "matcher": "200",
                "path": "/station-angular4-poc/",
                "port": "traffic-port",
                "protocol": "HTTP",
                "timeout": 3,
                "unhealthy_threshold": 2
              }
            ],
            "id": "arn:aws:elasticloadbalancing:eu-west-3:794637260409:targetgroup/station-front-target-group/6126544dc47a8e7f",
            "lambda_multi_value_headers_enabled": false,
            "load_balancing_algorithm_type": "round_robin",
            "name": "station-front-target-group",
            "name_prefix": null,
            "port": 80,
            "protocol": "HTTP",
            "proxy_protocol_v2": false,
            "slow_start": 0,
            "stickiness": [
              {
                "cookie_duration": 86400,
                "enabled": false,
                "type": "lb_cookie"
              }
            ],
            "tags": {
              "Application": "STATION",
              "Name": "station-front-alb-target-group"
            },
            "target_type": "ip",
            "vpc_id": "vpc-06d8990a6b4a064f1"
          },
          "private": "bnVsbA==",
          "dependencies": [
            "data.aws_vpc.station_vpc"
          ]
        }
      ]
    },
    {
      "module": "module.station_front",
      "mode": "managed",
      "type": "aws_cloudwatch_log_group",
      "name": "station_front_cloudwatch_log",
      "provider": "provider[\"registry.terraform.io/hashicorp/aws\"]",
      "instances": [
        {
          "schema_version": 0,
          "attributes": {
            "arn": "arn:aws:logs:eu-west-3:794637260409:log-group:station-front-cloudwatch-log",
            "id": "station-front-cloudwatch-log",
            "kms_key_id": "",
            "name": "station-front-cloudwatch-log",
            "name_prefix": null,
            "retention_in_days": 0,
            "tags": {
              "Application": "STATION",
              "Name": "station-front-cloudwatch-log"
            }
          },
          "private": "bnVsbA=="
        }
      ]
    },
    {
      "module": "module.station_front",
      "mode": "managed",
      "type": "aws_ecs_cluster",
      "name": "station_front_ecs_cluster",
      "provider": "provider[\"registry.terraform.io/hashicorp/aws\"]",
      "instances": [
        {
          "schema_version": 0,
          "attributes": {
            "arn": "arn:aws:ecs:eu-west-3:794637260409:cluster/station-front-ecs-cluster",
            "capacity_providers": null,
            "default_capacity_provider_strategy": [],
            "id": "arn:aws:ecs:eu-west-3:794637260409:cluster/station-front-ecs-cluster",
            "name": "station-front-ecs-cluster",
            "setting": [
              {
                "name": "containerInsights",
                "value": "disabled"
              }
            ],
            "tags": {
              "Application": "STATION",
              "Name": "station-front-ecs-cluster"
            }
          },
          "private": "bnVsbA=="
        }
      ]
    },
    {
      "module": "module.station_front",
      "mode": "managed",
      "type": "aws_ecs_service",
      "name": "station_front_ecs_service",
      "provider": "provider[\"registry.terraform.io/hashicorp/aws\"]",
      "instances": [
        {
          "schema_version": 0,
          "attributes": {
            "capacity_provider_strategy": [],
            "cluster": "arn:aws:ecs:eu-west-3:794637260409:cluster/station-front-ecs-cluster",
            "deployment_controller": [
              {
                "type": "ECS"
              }
            ],
            "deployment_maximum_percent": 200,
            "deployment_minimum_healthy_percent": 100,
            "desired_count": 2,
            "enable_ecs_managed_tags": false,
            "force_new_deployment": null,
            "health_check_grace_period_seconds": 300,
            "iam_role": "aws-service-role",
            "id": "arn:aws:ecs:eu-west-3:794637260409:service/station-front-ecs-cluster/station-front-ecs-service",
            "launch_type": "FARGATE",
            "load_balancer": [
              {
                "container_name": "station-front",
                "container_port": 80,
                "elb_name": "",
                "target_group_arn": "arn:aws:elasticloadbalancing:eu-west-3:794637260409:targetgroup/station-front-target-group/6126544dc47a8e7f"
              }
            ],
            "name": "station-front-ecs-service",
            "network_configuration": [
              {
                "assign_public_ip": false,
                "security_groups": [
                  "sg-0065aad91c348e1e1"
                ],
                "subnets": [
                  "subnet-066df4c947dc82d31",
                  "subnet-0c3d68f8e1ab56373"
                ]
              }
            ],
            "ordered_placement_strategy": [],
            "placement_constraints": [],
            "platform_version": "1.4.0",
            "propagate_tags": "NONE",
            "scheduling_strategy": "REPLICA",
            "service_registries": [],
            "tags": null,
            "task_definition": "arn:aws:ecs:eu-west-3:794637260409:task-definition/station_front_ecs_task_definition:50",
            "timeouts": null
          },
          "private": "eyJlMmJmYjczMC1lY2FhLTExZTYtOGY4OC0zNDM2M2JjN2M0YzAiOnsiZGVsZXRlIjoxMjAwMDAwMDAwMDAwfX0=",
          "dependencies": [
            "aws_iam_role.station_execution_role",
            "aws_iam_role.station_iam_role",
            "data.aws_subnet.station_privatesubnet1",
            "data.aws_subnet.station_privatesubnet2",
            "data.aws_subnet.station_publicsubnet1",
            "data.aws_subnet.station_publicsubnet2",
            "data.aws_vpc.station_vpc",
            "module.station_front.aws_alb.station_front_alb",
            "module.station_front.aws_alb_listener.station_front_alb_listener",
            "module.station_front.aws_alb_target_group.station_front_target_group",
            "module.station_front.aws_cloudwatch_log_group.station_front_cloudwatch_log",
            "module.station_front.aws_ecs_cluster.station_front_ecs_cluster",
            "module.station_front.aws_ecs_task_definition.station_front_ecs_task_definition",
            "module.station_front.aws_security_group.sg_station_front_alb",
            "module.station_front.aws_security_group.sg_station_front_ecs",
            "module.station_front.data.template_file.station_front"
          ]
        }
      ]
    },
    {
      "module": "module.station_front",
      "mode": "managed",
      "type": "aws_ecs_task_definition",
      "name": "station_front_ecs_task_definition",
      "provider": "provider[\"registry.terraform.io/hashicorp/aws\"]",
      "instances": [
        {
          "schema_version": 1,
          "attributes": {
            "arn": "arn:aws:ecs:eu-west-3:794637260409:task-definition/station_front_ecs_task_definition:50",
            "container_definitions": "[{\"cpu\":0,\"environment\":[{\"name\":\"AWS_REGION\",\"value\":\"eu-west-3\"},{\"name\":\"CLIENT_ID_TRAF_STAT\",\"value\":\"0oaeg3yghaL9mQalz0h7\"},{\"name\":\"CONTEXT_BACK_URL\",\"value\":\"http://stationback.exakaconsulting.org:8080\"},{\"name\":\"OKTA_URL\",\"value\":\"https://dev-884254.oktapreview.com\"}],\"essential\":true,\"image\":\"kagzouli/station-front-nginx:1.0.8\",\"logConfiguration\":{\"logDriver\":\"awslogs\",\"options\":{\"awslogs-group\":\"station-front-cloudwatch-log\",\"awslogs-region\":\"eu-west-3\",\"awslogs-stream-prefix\":\"ecs\"}},\"mountPoints\":[],\"name\":\"station-front\",\"portMappings\":[{\"containerPort\":80,\"hostPort\":80,\"protocol\":\"tcp\"}],\"volumesFrom\":[]}]",
            "cpu": "256",
            "execution_role_arn": "arn:aws:iam::794637260409:role/station_execution_role",
            "family": "station_front_ecs_task_definition",
            "id": "station_front_ecs_task_definition",
            "inference_accelerator": [],
            "ipc_mode": "",
            "memory": "512",
            "network_mode": "awsvpc",
            "pid_mode": "",
            "placement_constraints": [],
            "proxy_configuration": [],
            "requires_compatibilities": [
              "FARGATE"
            ],
            "revision": 50,
            "tags": {
              "Application": "STATION",
              "Name": "station-front-ecs-service"
            },
            "task_role_arn": "arn:aws:iam::794637260409:role/station_iam_role",
            "volume": []
          },
          "private": "eyJzY2hlbWFfdmVyc2lvbiI6IjEifQ==",
          "dependencies": [
            "aws_iam_role.station_execution_role",
            "aws_iam_role.station_iam_role",
            "module.station_front.aws_cloudwatch_log_group.station_front_cloudwatch_log",
            "module.station_front.data.template_file.station_front"
          ]
        }
      ]
    },
    {
      "module": "module.station_front",
      "mode": "managed",
      "type": "aws_route53_record",
      "name": "station_front_url_external",
      "provider": "provider[\"registry.terraform.io/hashicorp/aws\"]",
      "instances": [
        {
          "schema_version": 2,
          "attributes": {
            "alias": [],
            "allow_overwrite": null,
            "failover_routing_policy": [],
            "fqdn": "station.exakaconsulting.org",
            "geolocation_routing_policy": [],
            "health_check_id": null,
            "id": "Z02449692XMYT5O05EO1R_station.exakaconsulting.org_CNAME",
            "latency_routing_policy": [],
            "multivalue_answer_routing_policy": null,
            "name": "station.exakaconsulting.org",
            "records": [
              "station-front-alb-30422086.eu-west-3.elb.amazonaws.com"
            ],
            "set_identifier": null,
            "ttl": 10,
            "type": "CNAME",
            "weighted_routing_policy": [],
            "zone_id": "Z02449692XMYT5O05EO1R"
          },
          "private": "eyJzY2hlbWFfdmVyc2lvbiI6IjIifQ==",
          "dependencies": [
            "data.aws_subnet.station_publicsubnet1",
            "data.aws_subnet.station_publicsubnet2",
            "data.aws_vpc.station_vpc",
            "module.station_front.aws_alb.station_front_alb",
            "module.station_front.aws_security_group.sg_station_front_alb",
            "module.station_front.data.aws_route53_zone.public"
          ]
        }
      ]
    },
    {
      "module": "module.station_front",
      "mode": "managed",
      "type": "aws_security_group",
      "name": "sg_station_front_alb",
      "provider": "provider[\"registry.terraform.io/hashicorp/aws\"]",
      "instances": [
        {
          "schema_version": 1,
          "attributes": {
            "arn": "arn:aws:ec2:eu-west-3:794637260409:security-group/sg-06e771735e92151b0",
            "description": "Controle les acces a ALB",
            "egress": [
              {
                "cidr_blocks": [
                  "0.0.0.0/0"
                ],
                "description": "",
                "from_port": 0,
                "ipv6_cidr_blocks": [],
                "prefix_list_ids": [],
                "protocol": "-1",
                "security_groups": [],
                "self": false,
                "to_port": 0
              }
            ],
            "id": "sg-06e771735e92151b0",
            "ingress": [
              {
                "cidr_blocks": [
                  "0.0.0.0/0"
                ],
                "description": "http request",
                "from_port": 80,
                "ipv6_cidr_blocks": [],
                "prefix_list_ids": [],
                "protocol": "tcp",
                "security_groups": [],
                "self": false,
                "to_port": 80
              }
            ],
            "name": "station-front-alb",
            "name_prefix": "",
            "owner_id": "794637260409",
            "revoke_rules_on_delete": false,
            "tags": {
              "Application": "STATION",
              "Name": "station-front-alb"
            },
            "timeouts": null,
            "vpc_id": "vpc-06d8990a6b4a064f1"
          },
          "private": "eyJlMmJmYjczMC1lY2FhLTExZTYtOGY4OC0zNDM2M2JjN2M0YzAiOnsiY3JlYXRlIjo2MDAwMDAwMDAwMDAsImRlbGV0ZSI6NjAwMDAwMDAwMDAwfSwic2NoZW1hX3ZlcnNpb24iOiIxIn0=",
          "dependencies": [
            "data.aws_vpc.station_vpc"
          ]
        }
      ]
    },
    {
      "module": "module.station_front",
      "mode": "managed",
      "type": "aws_security_group",
      "name": "sg_station_front_ecs",
      "provider": "provider[\"registry.terraform.io/hashicorp/aws\"]",
      "instances": [
        {
          "schema_version": 1,
          "attributes": {
            "arn": "arn:aws:ec2:eu-west-3:794637260409:security-group/sg-0065aad91c348e1e1",
            "description": "Controle les acces a ECS",
            "egress": [
              {
                "cidr_blocks": [
                  "0.0.0.0/0"
                ],
                "description": "",
                "from_port": 0,
                "ipv6_cidr_blocks": [],
                "prefix_list_ids": [],
                "protocol": "-1",
                "security_groups": [],
                "self": false,
                "to_port": 0
              }
            ],
            "id": "sg-0065aad91c348e1e1",
            "ingress": [
              {
                "cidr_blocks": [],
                "description": "",
                "from_port": 80,
                "ipv6_cidr_blocks": [],
                "prefix_list_ids": [],
                "protocol": "tcp",
                "security_groups": [
                  "sg-06e771735e92151b0"
                ],
                "self": false,
                "to_port": 80
              }
            ],
            "name": "station-front-ecs",
            "name_prefix": "",
            "owner_id": "794637260409",
            "revoke_rules_on_delete": false,
            "tags": {
              "Application": "STATION",
              "Name": "station-front-ecs"
            },
            "timeouts": null,
            "vpc_id": "vpc-06d8990a6b4a064f1"
          },
          "private": "eyJlMmJmYjczMC1lY2FhLTExZTYtOGY4OC0zNDM2M2JjN2M0YzAiOnsiY3JlYXRlIjo2MDAwMDAwMDAwMDAsImRlbGV0ZSI6NjAwMDAwMDAwMDAwfSwic2NoZW1hX3ZlcnNpb24iOiIxIn0=",
          "dependencies": [
            "data.aws_vpc.station_vpc",
            "module.station_front.aws_security_group.sg_station_front_alb"
          ]
        }
      ]
    }
  ]
}
