{
  "version": 4,
  "terraform_version": "0.15.5",
  "serial": 189,
  "lineage": "887c847a-3546-344e-8acf-da73e0707e06",
  "outputs": {},
  "resources": [
    {
      "mode": "data",
      "type": "archive_file",
      "name": "monitoring_zip",
      "provider": "provider[\"registry.terraform.io/hashicorp/archive\"]",
      "instances": [
        {
          "schema_version": 0,
          "attributes": {
            "excludes": null,
            "id": "97aa62dff81b4dab943a48e6a60392ddd7ddeec9",
            "output_base64sha256": "vMwRHmbj2bfffd9jDMzViP+yL4UA0QQCwtuQHQjts7o=",
            "output_file_mode": null,
            "output_md5": "751a4a68ca86df6e839d25a54251d60d",
            "output_path": "/home/ubuntu/StationDemoProject/StationDemoProject/terraformaws/cloudwatchevent/sources/lambda-monitoring/lambda-monitoring.zip",
            "output_sha": "97aa62dff81b4dab943a48e6a60392ddd7ddeec9",
            "output_size": 1723,
            "source": [],
            "source_content": null,
            "source_content_filename": null,
            "source_dir": "/home/ubuntu/StationDemoProject/StationDemoProject/terraformaws/cloudwatchevent/sources/lambda-monitoring/.package",
            "source_file": null,
            "type": "zip"
          },
          "sensitive_attributes": []
        }
      ]
    },
    {
      "mode": "data",
      "type": "aws_alb",
      "name": "station_back_alb",
      "provider": "provider[\"registry.terraform.io/hashicorp/aws\"]",
      "instances": [
        {
          "schema_version": 0,
          "attributes": {
            "access_logs": [
              {
                "bucket": "",
                "enabled": false,
                "prefix": ""
              }
            ],
            "arn": "arn:aws:elasticloadbalancing:eu-west-3:794637260409:loadbalancer/app/station-back-alb/3d7c3586ad115a49",
            "arn_suffix": "app/station-back-alb/3d7c3586ad115a49",
            "customer_owned_ipv4_pool": "",
            "desync_mitigation_mode": "defensive",
            "dns_name": "station-back-alb-1595100353.eu-west-3.elb.amazonaws.com",
            "drop_invalid_header_fields": false,
            "enable_deletion_protection": false,
            "enable_http2": true,
            "enable_waf_fail_open": false,
            "id": "arn:aws:elasticloadbalancing:eu-west-3:794637260409:loadbalancer/app/station-back-alb/3d7c3586ad115a49",
            "idle_timeout": 60,
            "internal": false,
            "ip_address_type": "ipv4",
            "load_balancer_type": "application",
            "name": "station-back-alb",
            "security_groups": [
              "sg-0dd6f0745e71723b8"
            ],
            "subnet_mapping": [
              {
                "allocation_id": "",
                "ipv6_address": "",
                "outpost_id": "",
                "private_ipv4_address": "",
                "subnet_id": "subnet-0952a1a0642d3f3b5"
              },
              {
                "allocation_id": "",
                "ipv6_address": "",
                "outpost_id": "",
                "private_ipv4_address": "",
                "subnet_id": "subnet-0e77a836258a41585"
              }
            ],
            "subnets": [
              "subnet-0952a1a0642d3f3b5",
              "subnet-0e77a836258a41585"
            ],
            "tags": {
              "Application": "STATION",
              "Name": "station-back-alb",
              "elbv2.k8s.aws/cluster": "station-eks-cluster",
              "ingress.k8s.aws/resource": "LoadBalancer",
              "ingress.k8s.aws/stack": "station-back-group"
            },
            "vpc_id": "vpc-0a12a28f03783a69e",
            "zone_id": "Z3Q77PNBQS71R4"
          },
          "sensitive_attributes": []
        }
      ]
    },
    {
      "mode": "data",
      "type": "aws_alb",
      "name": "station_front_alb",
      "provider": "provider[\"registry.terraform.io/hashicorp/aws\"]",
      "instances": [
        {
          "schema_version": 0,
          "attributes": {
            "access_logs": [
              {
                "bucket": "",
                "enabled": false,
                "prefix": ""
              }
            ],
            "arn": "arn:aws:elasticloadbalancing:eu-west-3:794637260409:loadbalancer/app/station-front-alb/7a6acb38052cffd8",
            "arn_suffix": "app/station-front-alb/7a6acb38052cffd8",
            "customer_owned_ipv4_pool": "",
            "desync_mitigation_mode": "defensive",
            "dns_name": "station-front-alb-1322486337.eu-west-3.elb.amazonaws.com",
            "drop_invalid_header_fields": false,
            "enable_deletion_protection": false,
            "enable_http2": true,
            "enable_waf_fail_open": false,
            "id": "arn:aws:elasticloadbalancing:eu-west-3:794637260409:loadbalancer/app/station-front-alb/7a6acb38052cffd8",
            "idle_timeout": 60,
            "internal": false,
            "ip_address_type": "ipv4",
            "load_balancer_type": "application",
            "name": "station-front-alb",
            "security_groups": [
              "sg-0b6fd00c944c23905"
            ],
            "subnet_mapping": [
              {
                "allocation_id": "",
                "ipv6_address": "",
                "outpost_id": "",
                "private_ipv4_address": "",
                "subnet_id": "subnet-0952a1a0642d3f3b5"
              },
              {
                "allocation_id": "",
                "ipv6_address": "",
                "outpost_id": "",
                "private_ipv4_address": "",
                "subnet_id": "subnet-0e77a836258a41585"
              }
            ],
            "subnets": [
              "subnet-0952a1a0642d3f3b5",
              "subnet-0e77a836258a41585"
            ],
            "tags": {
              "Application": "STATION",
              "Name": "station-front-alb",
              "elbv2.k8s.aws/cluster": "station-eks-cluster",
              "ingress.k8s.aws/resource": "LoadBalancer",
              "ingress.k8s.aws/stack": "station-front-group"
            },
            "vpc_id": "vpc-0a12a28f03783a69e",
            "zone_id": "Z3Q77PNBQS71R4"
          },
          "sensitive_attributes": []
        }
      ]
    },
    {
      "mode": "data",
      "type": "aws_alb_target_group",
      "name": "station_back_target_group",
      "provider": "provider[\"registry.terraform.io/hashicorp/aws\"]",
      "instances": [
        {
          "schema_version": 0,
          "attributes": {
            "arn": "arn:aws:elasticloadbalancing:eu-west-3:794637260409:targetgroup/station-back-target-group/ef2e00cdd964abca",
            "arn_suffix": "targetgroup/station-back-target-group/ef2e00cdd964abca",
            "connection_termination": null,
            "deregistration_delay": 300,
            "health_check": [
              {
                "enabled": true,
                "healthy_threshold": 2,
                "interval": 30,
                "matcher": "200",
                "path": "/StationDemoSecureWeb/health",
                "port": "8080",
                "protocol": "HTTP",
                "timeout": 3,
                "unhealthy_threshold": 2
              }
            ],
            "id": "arn:aws:elasticloadbalancing:eu-west-3:794637260409:targetgroup/station-back-target-group/ef2e00cdd964abca",
            "lambda_multi_value_headers_enabled": null,
            "load_balancing_algorithm_type": "round_robin",
            "name": "station-back-target-group",
            "port": 8080,
            "preserve_client_ip": null,
            "protocol": "HTTP",
            "protocol_version": "HTTP1",
            "proxy_protocol_v2": null,
            "slow_start": 0,
            "stickiness": [
              {
                "cookie_duration": 86400,
                "cookie_name": "",
                "enabled": false,
                "type": "lb_cookie"
              }
            ],
            "tags": {
              "Application": "STATION",
              "Name": "station-back-alb-target-group"
            },
            "target_type": "ip",
            "vpc_id": "vpc-0a12a28f03783a69e"
          },
          "sensitive_attributes": []
        }
      ]
    },
    {
      "mode": "data",
      "type": "aws_alb_target_group",
      "name": "station_front_target_group",
      "provider": "provider[\"registry.terraform.io/hashicorp/aws\"]",
      "instances": [
        {
          "schema_version": 0,
          "attributes": {
            "arn": "arn:aws:elasticloadbalancing:eu-west-3:794637260409:targetgroup/station-front-target-group/2ca30be0e4eb4851",
            "arn_suffix": "targetgroup/station-front-target-group/2ca30be0e4eb4851",
            "connection_termination": null,
            "deregistration_delay": 300,
            "health_check": [
              {
                "enabled": true,
                "healthy_threshold": 2,
                "interval": 30,
                "matcher": "200",
                "path": "/station-angular4-poc/",
                "port": "traffic-port",
                "protocol": "HTTP",
                "timeout": 3,
                "unhealthy_threshold": 2
              }
            ],
            "id": "arn:aws:elasticloadbalancing:eu-west-3:794637260409:targetgroup/station-front-target-group/2ca30be0e4eb4851",
            "lambda_multi_value_headers_enabled": null,
            "load_balancing_algorithm_type": "round_robin",
            "name": "station-front-target-group",
            "port": 80,
            "preserve_client_ip": null,
            "protocol": "HTTP",
            "protocol_version": "HTTP1",
            "proxy_protocol_v2": null,
            "slow_start": 0,
            "stickiness": [
              {
                "cookie_duration": 86400,
                "cookie_name": "",
                "enabled": false,
                "type": "lb_cookie"
              }
            ],
            "tags": {
              "Application": "STATION",
              "Name": "station-front-alb-target-group"
            },
            "target_type": "ip",
            "vpc_id": "vpc-0a12a28f03783a69e"
          },
          "sensitive_attributes": []
        }
      ]
    },
    {
      "mode": "data",
      "type": "aws_caller_identity",
      "name": "current",
      "provider": "provider[\"registry.terraform.io/hashicorp/aws\"]",
      "instances": [
        {
          "schema_version": 0,
          "attributes": {
            "account_id": "794637260409",
            "arn": "arn:aws:iam::794637260409:user/Kaka",
            "id": "794637260409",
            "user_id": "AIDA3SBASKZ4QFQSSDRKM"
          },
          "sensitive_attributes": []
        }
      ]
    },
    {
      "mode": "managed",
      "type": "aws_cloudwatch_event_rule",
      "name": "lambda_monitoring",
      "provider": "provider[\"registry.terraform.io/hashicorp/aws\"]",
      "instances": [
        {
          "schema_version": 0,
          "attributes": {
            "arn": "arn:aws:events:eu-west-3:794637260409:rule/station-lambda-monitoring-cloudwatch",
            "description": "trig lambda for monitoring (every 2 min)",
            "event_bus_name": "default",
            "event_pattern": null,
            "id": "station-lambda-monitoring-cloudwatch",
            "is_enabled": true,
            "name": "station-lambda-monitoring-cloudwatch",
            "name_prefix": "",
            "role_arn": "",
            "schedule_expression": "rate(2 minutes)",
            "tags": {},
            "tags_all": {}
          },
          "sensitive_attributes": [],
          "private": "bnVsbA=="
        }
      ]
    },
    {
      "mode": "managed",
      "type": "aws_cloudwatch_event_target",
      "name": "lambda_monitoring",
      "provider": "provider[\"registry.terraform.io/hashicorp/aws\"]",
      "instances": [
        {
          "schema_version": 1,
          "attributes": {
            "arn": "arn:aws:lambda:eu-west-3:794637260409:function:station-lambda-monitoring",
            "batch_target": [],
            "dead_letter_config": [],
            "ecs_target": [],
            "event_bus_name": "default",
            "http_target": [],
            "id": "station-lambda-monitoring-cloudwatch-lambda_monitoring",
            "input": "",
            "input_path": "",
            "input_transformer": [],
            "kinesis_target": [],
            "redshift_target": [],
            "retry_policy": [],
            "role_arn": "",
            "rule": "station-lambda-monitoring-cloudwatch",
            "run_command_targets": [],
            "sqs_target": [],
            "target_id": "lambda_monitoring"
          },
          "sensitive_attributes": [],
          "private": "eyJzY2hlbWFfdmVyc2lvbiI6IjEifQ==",
          "dependencies": [
            "data.aws_alb.station_front_alb",
            "data.aws_alb_target_group.station_back_target_group",
            "data.aws_alb_target_group.station_front_target_group",
            "data.aws_alb.station_back_alb",
            "aws_iam_role.lambda_monitoring",
            "aws_lambda_function.monitoring",
            "aws_s3_bucket.lambda_code_bucket",
            "data.archive_file.monitoring_zip",
            "data.aws_caller_identity.current",
            "null_resource.packaging_lambda_monitoring",
            "null_resource.pushing_lambda_monitoring_code",
            "aws_cloudwatch_event_rule.lambda_monitoring"
          ]
        }
      ]
    },
    {
      "mode": "managed",
      "type": "aws_iam_policy",
      "name": "lambda_monitoring_policy",
      "provider": "provider[\"registry.terraform.io/hashicorp/aws\"]",
      "instances": [
        {
          "schema_version": 0,
          "attributes": {
            "arn": "arn:aws:iam::794637260409:policy/station-lambda-monitoring-policy",
            "description": "",
            "id": "arn:aws:iam::794637260409:policy/station-lambda-monitoring-policy",
            "name": "station-lambda-monitoring-policy",
            "name_prefix": null,
            "path": "/",
            "policy": "{\"Statement\":[{\"Action\":[\"cloudwatch:PutMetricData\",\"cloudwatch:GetMetricData\"],\"Effect\":\"Allow\",\"Resource\":\"*\"},{\"Action\":[\"elasticloadbalancing:DescribeLoadBalancers\",\"elasticloadbalancing:DescribeTargetGroups\"],\"Effect\":\"Allow\",\"Resource\":\"*\"}],\"Version\":\"2012-10-17\"}",
            "policy_id": "ANPA3SBASKZ4XLQH5QZKT",
            "tags": {},
            "tags_all": {}
          },
          "sensitive_attributes": [],
          "private": "bnVsbA=="
        }
      ]
    },
    {
      "mode": "managed",
      "type": "aws_iam_role",
      "name": "lambda_monitoring",
      "provider": "provider[\"registry.terraform.io/hashicorp/aws\"]",
      "instances": [
        {
          "schema_version": 0,
          "attributes": {
            "arn": "arn:aws:iam::794637260409:role/station-lambda-monitoring",
            "assume_role_policy": "{\"Version\":\"2012-10-17\",\"Statement\":[{\"Sid\":\"\",\"Effect\":\"Allow\",\"Principal\":{\"Service\":\"lambda.amazonaws.com\"},\"Action\":\"sts:AssumeRole\"}]}",
            "create_date": "2022-06-17T21:29:42Z",
            "description": "",
            "force_detach_policies": false,
            "id": "station-lambda-monitoring",
            "inline_policy": [
              {
                "name": "",
                "policy": ""
              }
            ],
            "managed_policy_arns": [
              "arn:aws:iam::794637260409:policy/station-lambda-monitoring-policy",
              "arn:aws:iam::aws:policy/service-role/AWSLambdaBasicExecutionRole"
            ],
            "max_session_duration": 3600,
            "name": "station-lambda-monitoring",
            "name_prefix": "",
            "path": "/",
            "permissions_boundary": null,
            "tags": {
              "Application": "STATION",
              "Name": "station-lambda-monitoring"
            },
            "tags_all": {
              "Application": "STATION",
              "Name": "station-lambda-monitoring"
            },
            "unique_id": "AROA3SBASKZ43AKAYRTOW"
          },
          "sensitive_attributes": [],
          "private": "bnVsbA=="
        }
      ]
    },
    {
      "mode": "managed",
      "type": "aws_iam_role_policy_attachment",
      "name": "AmazonLambdaBasicExecutionRole",
      "provider": "provider[\"registry.terraform.io/hashicorp/aws\"]",
      "instances": [
        {
          "schema_version": 0,
          "attributes": {
            "id": "station-lambda-monitoring-20220617212943930900000002",
            "policy_arn": "arn:aws:iam::aws:policy/service-role/AWSLambdaBasicExecutionRole",
            "role": "station-lambda-monitoring"
          },
          "sensitive_attributes": [],
          "private": "bnVsbA==",
          "dependencies": [
            "aws_iam_role.lambda_monitoring"
          ]
        }
      ]
    },
    {
      "mode": "managed",
      "type": "aws_iam_role_policy_attachment",
      "name": "lambda_monitoring_policy_attachment",
      "provider": "provider[\"registry.terraform.io/hashicorp/aws\"]",
      "instances": [
        {
          "schema_version": 0,
          "attributes": {
            "id": "station-lambda-monitoring-20220617212943926500000001",
            "policy_arn": "arn:aws:iam::794637260409:policy/station-lambda-monitoring-policy",
            "role": "station-lambda-monitoring"
          },
          "sensitive_attributes": [],
          "private": "bnVsbA==",
          "dependencies": [
            "aws_iam_policy.lambda_monitoring_policy",
            "aws_iam_role.lambda_monitoring"
          ]
        }
      ]
    },
    {
      "mode": "managed",
      "type": "aws_lambda_function",
      "name": "monitoring",
      "provider": "provider[\"registry.terraform.io/hashicorp/aws\"]",
      "instances": [
        {
          "schema_version": 0,
          "attributes": {
            "architectures": [],
            "arn": "arn:aws:lambda:eu-west-3:794637260409:function:station-lambda-monitoring",
            "code_signing_config_arn": "",
            "dead_letter_config": [],
            "description": "Lambda function to monitor station",
            "environment": [
              {
                "variables": {
                  "AWS_ACCOUNT_ID": "794637260409",
                  "ENV_NAME": "dev",
                  "REGION": "eu-west-3",
                  "STATION_BACK_LB_ARN": "arn:aws:elasticloadbalancing:eu-west-3:794637260409:loadbalancer/app/station-back-alb/3d7c3586ad115a49",
                  "STATION_BACK_TG_ARN": "arn:aws:elasticloadbalancing:eu-west-3:794637260409:targetgroup/station-back-target-group/ef2e00cdd964abca",
                  "STATION_FRONT_LB_ARN": "arn:aws:elasticloadbalancing:eu-west-3:794637260409:loadbalancer/app/station-front-alb/7a6acb38052cffd8",
                  "STATION_FRONT_TG_ARN": "arn:aws:elasticloadbalancing:eu-west-3:794637260409:targetgroup/station-front-target-group/2ca30be0e4eb4851"
                }
              }
            ],
            "ephemeral_storage": [
              {
                "size": 512
              }
            ],
            "file_system_config": [],
            "filename": null,
            "function_name": "station-lambda-monitoring",
            "handler": "monitoring.lambda_handler",
            "id": "station-lambda-monitoring",
            "image_config": [],
            "image_uri": "",
            "invoke_arn": "arn:aws:apigateway:eu-west-3:lambda:path/2015-03-31/functions/arn:aws:lambda:eu-west-3:794637260409:function:station-lambda-monitoring/invocations",
            "kms_key_arn": "",
            "last_modified": "2022-06-17T21:29:59.391+0000",
            "layers": [],
            "memory_size": 128,
            "package_type": "Zip",
            "publish": false,
            "qualified_arn": "arn:aws:lambda:eu-west-3:794637260409:function:station-lambda-monitoring:$LATEST",
            "reserved_concurrent_executions": -1,
            "role": "arn:aws:iam::794637260409:role/station-lambda-monitoring",
            "runtime": "python3.9",
            "s3_bucket": "station-lambda-code-bucket",
            "s3_key": "lambda-monitoring/lambda-monitoring.zip",
            "s3_object_version": null,
            "signing_job_arn": "",
            "signing_profile_version_arn": "",
            "source_code_hash": "vMwRHmbj2bfffd9jDMzViP+yL4UA0QQCwtuQHQjts7o=",
            "source_code_size": 1723,
            "tags": {
              "Application": "STATION",
              "Name": "station-lambda-monitoring"
            },
            "tags_all": {
              "Application": "STATION",
              "Name": "station-lambda-monitoring"
            },
            "timeout": 45,
            "timeouts": null,
            "tracing_config": [
              {
                "mode": "PassThrough"
              }
            ],
            "version": "$LATEST",
            "vpc_config": []
          },
          "sensitive_attributes": [],
          "private": "eyJlMmJmYjczMC1lY2FhLTExZTYtOGY4OC0zNDM2M2JjN2M0YzAiOnsiY3JlYXRlIjo2MDAwMDAwMDAwMDB9fQ==",
          "dependencies": [
            "data.archive_file.monitoring_zip",
            "data.aws_alb.station_front_alb",
            "data.aws_caller_identity.current",
            "null_resource.pushing_lambda_monitoring_code",
            "aws_iam_role.lambda_monitoring",
            "data.aws_alb.station_back_alb",
            "data.aws_alb_target_group.station_back_target_group",
            "data.aws_alb_target_group.station_front_target_group",
            "null_resource.packaging_lambda_monitoring",
            "aws_s3_bucket.lambda_code_bucket"
          ]
        }
      ]
    },
    {
      "mode": "managed",
      "type": "aws_lambda_permission",
      "name": "lambda_monitoring_permission",
      "provider": "provider[\"registry.terraform.io/hashicorp/aws\"]",
      "instances": [
        {
          "schema_version": 0,
          "attributes": {
            "action": "lambda:InvokeFunction",
            "event_source_token": null,
            "function_name": "station-lambda-monitoring",
            "function_url_auth_type": null,
            "id": "AllowExecutionFromCloudWatch",
            "principal": "events.amazonaws.com",
            "principal_org_id": null,
            "qualifier": "",
            "source_account": null,
            "source_arn": "arn:aws:events:eu-west-3:794637260409:rule/station-lambda-monitoring-cloudwatch",
            "statement_id": "AllowExecutionFromCloudWatch",
            "statement_id_prefix": ""
          },
          "sensitive_attributes": [],
          "private": "bnVsbA==",
          "dependencies": [
            "null_resource.packaging_lambda_monitoring",
            "null_resource.pushing_lambda_monitoring_code",
            "aws_iam_role.lambda_monitoring",
            "aws_lambda_function.monitoring",
            "data.archive_file.monitoring_zip",
            "data.aws_alb.station_front_alb",
            "data.aws_alb_target_group.station_back_target_group",
            "aws_cloudwatch_event_rule.lambda_monitoring",
            "aws_s3_bucket.lambda_code_bucket",
            "data.aws_alb.station_back_alb",
            "data.aws_alb_target_group.station_front_target_group",
            "data.aws_caller_identity.current"
          ]
        }
      ]
    },
    {
      "mode": "managed",
      "type": "aws_s3_bucket",
      "name": "lambda_code_bucket",
      "provider": "provider[\"registry.terraform.io/hashicorp/aws\"]",
      "instances": [
        {
          "schema_version": 0,
          "attributes": {
            "acceleration_status": "",
            "acl": null,
            "arn": "arn:aws:s3:::station-lambda-code-bucket",
            "bucket": "station-lambda-code-bucket",
            "bucket_domain_name": "station-lambda-code-bucket.s3.amazonaws.com",
            "bucket_prefix": null,
            "bucket_regional_domain_name": "station-lambda-code-bucket.s3.eu-west-3.amazonaws.com",
            "cors_rule": [],
            "force_destroy": false,
            "grant": [
              {
                "id": "1c34617b893c808e8b6ec2556c9987292631032f3d3bf50dfa6db6fb39f74d65",
                "permissions": [
                  "FULL_CONTROL"
                ],
                "type": "CanonicalUser",
                "uri": ""
              }
            ],
            "hosted_zone_id": "Z3R1K369G5AVDG",
            "id": "station-lambda-code-bucket",
            "lifecycle_rule": [],
            "logging": [],
            "object_lock_configuration": [],
            "object_lock_enabled": false,
            "policy": "",
            "region": "eu-west-3",
            "replication_configuration": [],
            "request_payer": "BucketOwner",
            "server_side_encryption_configuration": [
              {
                "rule": [
                  {
                    "apply_server_side_encryption_by_default": [
                      {
                        "kms_master_key_id": "",
                        "sse_algorithm": "aws:kms"
                      }
                    ],
                    "bucket_key_enabled": false
                  }
                ]
              }
            ],
            "tags": {
              "Application": "STATION",
              "Name": "station-lambda-code-bucket"
            },
            "tags_all": {
              "Application": "STATION",
              "Name": "station-lambda-code-bucket"
            },
            "versioning": [
              {
                "enabled": false,
                "mfa_delete": false
              }
            ],
            "website": [],
            "website_domain": null,
            "website_endpoint": null
          },
          "sensitive_attributes": [],
          "private": "bnVsbA=="
        }
      ]
    },
    {
      "mode": "managed",
      "type": "aws_s3_bucket_public_access_block",
      "name": "deny_all_public",
      "provider": "provider[\"registry.terraform.io/hashicorp/aws\"]",
      "instances": [
        {
          "schema_version": 0,
          "attributes": {
            "block_public_acls": true,
            "block_public_policy": true,
            "bucket": "station-lambda-code-bucket",
            "id": "station-lambda-code-bucket",
            "ignore_public_acls": true,
            "restrict_public_buckets": true
          },
          "sensitive_attributes": [],
          "private": "bnVsbA==",
          "dependencies": [
            "aws_s3_bucket.lambda_code_bucket"
          ]
        }
      ]
    },
    {
      "mode": "managed",
      "type": "null_resource",
      "name": "packaging_lambda_monitoring",
      "provider": "provider[\"registry.terraform.io/hashicorp/null\"]",
      "instances": [
        {
          "schema_version": 0,
          "attributes": {
            "id": "7100106218574140579",
            "triggers": {
              "run_everytime": "2022-06-17T21:30:08Z"
            }
          },
          "sensitive_attributes": [],
          "private": "bnVsbA=="
        }
      ]
    },
    {
      "mode": "managed",
      "type": "null_resource",
      "name": "pushing_lambda_monitoring_code",
      "provider": "provider[\"registry.terraform.io/hashicorp/null\"]",
      "instances": [
        {
          "schema_version": 0,
          "attributes": {
            "id": "1943634571851970656",
            "triggers": {
              "run_on_python_change": "02b42f38efa6cddf645db858d1e3a5a5690e6660"
            }
          },
          "sensitive_attributes": [],
          "private": "bnVsbA==",
          "dependencies": [
            "aws_s3_bucket.lambda_code_bucket",
            "data.archive_file.monitoring_zip",
            "null_resource.packaging_lambda_monitoring"
          ]
        }
      ]
    }
  ]
}
